// !$*UTF8*$!
{
	archiveVersion = 1;
	classes = {
	};
	objectVersion = 52;
	objects = {

/* Begin PBXBuildFile section */
		6F050B6524FAADB40027E003 /* LocalFeedLoader.swift in Sources */ = {isa = PBXBuildFile; fileRef = 6F050B6424FAADB40027E003 /* LocalFeedLoader.swift */; };
		6F050B6724FAAED80027E003 /* FeedStore.swift in Sources */ = {isa = PBXBuildFile; fileRef = 6F050B6624FAAED80027E003 /* FeedStore.swift */; };
		6F050B6924FBB8A80027E003 /* RemoteFeedItem.swift in Sources */ = {isa = PBXBuildFile; fileRef = 6F050B6824FBB8A80027E003 /* RemoteFeedItem.swift */; };
		6F050B6B24FBB9040027E003 /* LocalFeedImage.swift in Sources */ = {isa = PBXBuildFile; fileRef = 6F050B6A24FBB9040027E003 /* LocalFeedImage.swift */; };
		6F0D4A5B2534B528005951E9 /* FeedImageCellController.swift in Sources */ = {isa = PBXBuildFile; fileRef = 6F0D4A542534B4FE005951E9 /* FeedImageCellController.swift */; };
		6F0D4AC6253DEBC6005951E9 /* Feed.storyboard in Resources */ = {isa = PBXBuildFile; fileRef = 6F0D4AC5253DEBC6005951E9 /* Feed.storyboard */; };
		6F0D4ACD253DEC53005951E9 /* Feed.xcassets in Resources */ = {isa = PBXBuildFile; fileRef = 6F0D4ACC253DEC53005951E9 /* Feed.xcassets */; };
		6F1D12182517CD8800979155 /* FeedStoreSpecs.swift in Sources */ = {isa = PBXBuildFile; fileRef = 6F1D12172517CD8800979155 /* FeedStoreSpecs.swift */; };
		6F1D121A2517CE3E00979155 /* XCTestCase+FeedStoreSpecs.swift in Sources */ = {isa = PBXBuildFile; fileRef = 6F1D12192517CE3E00979155 /* XCTestCase+FeedStoreSpecs.swift */; };
		6F1D121C2517D99B00979155 /* XCTestCase+FailableRetrieveFeedStoreSpecs.swift in Sources */ = {isa = PBXBuildFile; fileRef = 6F1D121B2517D99B00979155 /* XCTestCase+FailableRetrieveFeedStoreSpecs.swift */; };
		6F1D121E2517DA8D00979155 /* XCTestCase+FailableInsertFeedStoreSpecs.swift in Sources */ = {isa = PBXBuildFile; fileRef = 6F1D121D2517DA8D00979155 /* XCTestCase+FailableInsertFeedStoreSpecs.swift */; };
		6F1D12202517DB2700979155 /* XCTestCase+FailableDeleteFeedStoreSpecs.swift in Sources */ = {isa = PBXBuildFile; fileRef = 6F1D121F2517DB2700979155 /* XCTestCase+FailableDeleteFeedStoreSpecs.swift */; };
		6F3A56AD24DD6A4500F984EC /* LoadRemoteFeedImagesUseCaseTests.swift in Sources */ = {isa = PBXBuildFile; fileRef = 6F3A56AC24DD6A4500F984EC /* LoadRemoteFeedImagesUseCaseTests.swift */; };
		6F3A56B024DEA27600F984EC /* RemoteFeedLoader.swift in Sources */ = {isa = PBXBuildFile; fileRef = 6F3A56AF24DEA27600F984EC /* RemoteFeedLoader.swift */; };
		6F421C73254D886000DA786E /* ErrorView.swift in Sources */ = {isa = PBXBuildFile; fileRef = 6F421C72254D886000DA786E /* ErrorView.swift */; };
		6F421C87254D8FB200DA786E /* UIRefreshControl+Helpers.swift in Sources */ = {isa = PBXBuildFile; fileRef = 6F421C86254D8FB200DA786E /* UIRefreshControl+Helpers.swift */; };
		6F421C94254D929100DA786E /* FeedPresenterTests.swift in Sources */ = {isa = PBXBuildFile; fileRef = 6F421C93254D929100DA786E /* FeedPresenterTests.swift */; };
		6F4FFCB0252E170A00EECC45 /* EssentialFeediOS.framework in Frameworks */ = {isa = PBXBuildFile; fileRef = 6F4FFCA7252E170A00EECC45 /* EssentialFeediOS.framework */; };
		6F530ADB2573FE9D00A51425 /* FeedSnapshotTests.swift in Sources */ = {isa = PBXBuildFile; fileRef = 6F530ADA2573FE9D00A51425 /* FeedSnapshotTests.swift */; };
		6F530AE3257403A300A51425 /* UIImage+TestHelpers.swift in Sources */ = {isa = PBXBuildFile; fileRef = 6F530AE2257403A300A51425 /* UIImage+TestHelpers.swift */; };
		6F530AEF2574060700A51425 /* UITableView+HeaderSizing.swift in Sources */ = {isa = PBXBuildFile; fileRef = 6F530AEE2574060700A51425 /* UITableView+HeaderSizing.swift */; };
		6F56E78F24F7DB9700A14861 /* CacheFeedUseCase.swift in Sources */ = {isa = PBXBuildFile; fileRef = 6F56E78E24F7DB9700A14861 /* CacheFeedUseCase.swift */; };
		6F604A1E2502AE8800A682A0 /* FeedCacheTestHelpers.swift in Sources */ = {isa = PBXBuildFile; fileRef = 6F604A1D2502AE8800A682A0 /* FeedCacheTestHelpers.swift */; };
		6F604A202502AF4F00A682A0 /* SharedTestHelpers.swift in Sources */ = {isa = PBXBuildFile; fileRef = 6F604A1F2502AF4F00A682A0 /* SharedTestHelpers.swift */; };
		6F63A6AE254DCB3000785B21 /* FeedPresenter.swift in Sources */ = {isa = PBXBuildFile; fileRef = 6F63A6AD254DCB3000785B21 /* FeedPresenter.swift */; };
		6F63A6C3254DCBE600785B21 /* Feed.strings in Resources */ = {isa = PBXBuildFile; fileRef = 6F63A69E254DC80D00785B21 /* Feed.strings */; };
		6F63A6CA254DCC2000785B21 /* FeedViewModel.swift in Sources */ = {isa = PBXBuildFile; fileRef = 6F63A6C9254DCC2000785B21 /* FeedViewModel.swift */; };
		6F63A6D1254DCC4900785B21 /* FeedLoadingViewModel.swift in Sources */ = {isa = PBXBuildFile; fileRef = 6F63A6D0254DCC4900785B21 /* FeedLoadingViewModel.swift */; };
		6F63A6D8254DCC9900785B21 /* FeedErrorViewModel.swift in Sources */ = {isa = PBXBuildFile; fileRef = 6F63A6D7254DCC9900785B21 /* FeedErrorViewModel.swift */; };
		6F63A6FC254DCF2D00785B21 /* FeedLocalizationTests.swift in Sources */ = {isa = PBXBuildFile; fileRef = 6FB14B98254383A100B91677 /* FeedLocalizationTests.swift */; };
		6F63A708254DCFF000785B21 /* FeedImagePresenterTests.swift in Sources */ = {isa = PBXBuildFile; fileRef = 6F63A707254DCFF000785B21 /* FeedImagePresenterTests.swift */; };
		6F63A70F254DDB1300785B21 /* FeedImagePresenter.swift in Sources */ = {isa = PBXBuildFile; fileRef = 6F63A70E254DDB1300785B21 /* FeedImagePresenter.swift */; };
		6F63A716254DDB8700785B21 /* FeedImageViewModel.swift in Sources */ = {isa = PBXBuildFile; fileRef = 6F63A715254DDB8700785B21 /* FeedImageViewModel.swift */; };
		6F73D4BE25322120004E214E /* UIView+Shimmering.swift in Sources */ = {isa = PBXBuildFile; fileRef = 6F73D4BD25322120004E214E /* UIView+Shimmering.swift */; };
		6F777DE32526759F0018ADCF /* FeedCache.xcdatamodeld in Sources */ = {isa = PBXBuildFile; fileRef = 6F777DDC2526759F0018ADCF /* FeedCache.xcdatamodeld */; };
		6F777DE52526759F0018ADCF /* ManagedCache.swift in Sources */ = {isa = PBXBuildFile; fileRef = 6F777DDF2526759F0018ADCF /* ManagedCache.swift */; };
		6F777DE72526759F0018ADCF /* ManagedFeedImage.swift in Sources */ = {isa = PBXBuildFile; fileRef = 6F777DE12526759F0018ADCF /* ManagedFeedImage.swift */; };
		6F777DE82526759F0018ADCF /* CoreDataFeedStore.swift in Sources */ = {isa = PBXBuildFile; fileRef = 6F777DE22526759F0018ADCF /* CoreDataFeedStore.swift */; };
		6F777DED252675DC0018ADCF /* CoreDataFeedStoreTests.swift in Sources */ = {isa = PBXBuildFile; fileRef = 6F777DEC252675DC0018ADCF /* CoreDataFeedStoreTests.swift */; };
		6F7F274B25409DD200D384ED /* UITableView+Dequeueing.swift in Sources */ = {isa = PBXBuildFile; fileRef = 6F7F274A25409DD200D384ED /* UITableView+Dequeueing.swift */; };
		6F7F275225409F0300D384ED /* UIImageView+Animations.swift in Sources */ = {isa = PBXBuildFile; fileRef = 6F7F275125409F0300D384ED /* UIImageView+Animations.swift */; };
		6F8637E82500117500CEA079 /* ValidateFeedCacheUseCaseTests.swift in Sources */ = {isa = PBXBuildFile; fileRef = 6F8637E72500117500CEA079 /* ValidateFeedCacheUseCaseTests.swift */; };
		6F89882424DD595D00880E24 /* EssentialFeed.framework in Frameworks */ = {isa = PBXBuildFile; fileRef = 6F89881A24DD595D00880E24 /* EssentialFeed.framework */; };
		6F89883524DD598300880E24 /* FeedImage.swift in Sources */ = {isa = PBXBuildFile; fileRef = 6F89883424DD598300880E24 /* FeedImage.swift */; };
		6F89883724DD5A6700880E24 /* FeedLoader.swift in Sources */ = {isa = PBXBuildFile; fileRef = 6F89883624DD5A6700880E24 /* FeedLoader.swift */; };
		6F929AA325127B990086452E /* FeedCachePolicy.swift in Sources */ = {isa = PBXBuildFile; fileRef = 6F929AA225127B990086452E /* FeedCachePolicy.swift */; };
		6F93A1682532045F00E392C7 /* FeedImageCell.swift in Sources */ = {isa = PBXBuildFile; fileRef = 6F93A1672532045F00E392C7 /* FeedImageCell.swift */; };
		6F9CCD4625530F9C00B6231E /* FeedImageDataLoader.swift in Sources */ = {isa = PBXBuildFile; fileRef = 6F574DC02534AD790075613A /* FeedImageDataLoader.swift */; };
		6F9CCD4D2553108E00B6231E /* LoadFeedImageFromRemoteUseCaseTests.swift in Sources */ = {isa = PBXBuildFile; fileRef = 6F9CCD4C2553108E00B6231E /* LoadFeedImageFromRemoteUseCaseTests.swift */; };
		6F9CCDB62554742100B6231E /* HTTPClientSpy.swift in Sources */ = {isa = PBXBuildFile; fileRef = 6F9CCDB52554742100B6231E /* HTTPClientSpy.swift */; };
		6F9CCDC22554749E00B6231E /* RemoteFeedImageDataLoader.swift in Sources */ = {isa = PBXBuildFile; fileRef = 6F9CCDC12554749E00B6231E /* RemoteFeedImageDataLoader.swift */; };
		6F9CCDCA25547C4E00B6231E /* HTTPURLResponse+StatusCode.swift in Sources */ = {isa = PBXBuildFile; fileRef = 6F9CCDC925547C4E00B6231E /* HTTPURLResponse+StatusCode.swift */; };
		6F9CCDD125547D2F00B6231E /* URLProtocolStub.swift in Sources */ = {isa = PBXBuildFile; fileRef = 6F9CCDD025547D2F00B6231E /* URLProtocolStub.swift */; };
		6FA7ED0824E733B100CD5637 /* XCTTestCase+MemoryLeakTracking.swift in Sources */ = {isa = PBXBuildFile; fileRef = 6FA7ED0724E733B100CD5637 /* XCTTestCase+MemoryLeakTracking.swift */; };
		6FA7ED0A24E742AA00CD5637 /* URLSessionHTTPClient.swift in Sources */ = {isa = PBXBuildFile; fileRef = 6FA7ED0924E742AA00CD5637 /* URLSessionHTTPClient.swift */; };
		6FA7ED1224E943EE00CD5637 /* EssentialFeedAPIEndToEndTests.swift in Sources */ = {isa = PBXBuildFile; fileRef = 6FA7ED1124E943EE00CD5637 /* EssentialFeedAPIEndToEndTests.swift */; };
		6FA7ED1424E943EE00CD5637 /* EssentialFeed.framework in Frameworks */ = {isa = PBXBuildFile; fileRef = 6F89881A24DD595D00880E24 /* EssentialFeed.framework */; };
		6FA7ED1A24E9498400CD5637 /* XCTTestCase+MemoryLeakTracking.swift in Sources */ = {isa = PBXBuildFile; fileRef = 6FA7ED0724E733B100CD5637 /* XCTTestCase+MemoryLeakTracking.swift */; };
		6FAD06972562EF1300C56F9E /* FeedImageDataCache.swift in Sources */ = {isa = PBXBuildFile; fileRef = 6FAD06962562EF1300C56F9E /* FeedImageDataCache.swift */; };
		6FB0240524E117B80093DAC8 /* HTTPClient.swift in Sources */ = {isa = PBXBuildFile; fileRef = 6FB0240424E117B80093DAC8 /* HTTPClient.swift */; };
		6FB0240724E118730093DAC8 /* FeedItemsMapper.swift in Sources */ = {isa = PBXBuildFile; fileRef = 6FB0240624E118730093DAC8 /* FeedItemsMapper.swift */; };
		6FB0240A24E476BD0093DAC8 /* URLSessionHTTPClientTests.swift in Sources */ = {isa = PBXBuildFile; fileRef = 6FB0240924E476BD0093DAC8 /* URLSessionHTTPClientTests.swift */; };
		6FB52720252F375900682588 /* EssentialFeed.framework in Frameworks */ = {isa = PBXBuildFile; fileRef = 6F89881A24DD595D00880E24 /* EssentialFeed.framework */; platformFilter = ios; };
		6FB52721252F375900682588 /* EssentialFeed.framework in Embed Frameworks */ = {isa = PBXBuildFile; fileRef = 6F89881A24DD595D00880E24 /* EssentialFeed.framework */; platformFilter = ios; settings = {ATTRIBUTES = (CodeSignOnCopy, RemoveHeadersOnCopy, ); }; };
		6FB5273A252F3A5D00682588 /* XCTTestCase+MemoryLeakTracking.swift in Sources */ = {isa = PBXBuildFile; fileRef = 6FA7ED0724E733B100CD5637 /* XCTTestCase+MemoryLeakTracking.swift */; };
		6FB52741252F615E00682588 /* FeedViewController.swift in Sources */ = {isa = PBXBuildFile; fileRef = 6FB52740252F615E00682588 /* FeedViewController.swift */; };
		6FDE3F2C24FD629F000E28E6 /* LoadFeedFromCacheUseCase.swift in Sources */ = {isa = PBXBuildFile; fileRef = 6FDE3F2B24FD629F000E28E6 /* LoadFeedFromCacheUseCase.swift */; };
		6FDE3F2F24FD6505000E28E6 /* FeedStoreSpy.swift in Sources */ = {isa = PBXBuildFile; fileRef = 6FDE3F2E24FD6505000E28E6 /* FeedStoreSpy.swift */; };
		6FE39CAC2555C0B8002CE2B0 /* LoadFeedImageDataFromCacheUseCaseTests.swift in Sources */ = {isa = PBXBuildFile; fileRef = 6FE39CAB2555C0B8002CE2B0 /* LoadFeedImageDataFromCacheUseCaseTests.swift */; };
		6FE39CB32555EF72002CE2B0 /* FeedImageDataStore.swift in Sources */ = {isa = PBXBuildFile; fileRef = 6FE39CB22555EF72002CE2B0 /* FeedImageDataStore.swift */; };
		6FE39CBA2555EFA8002CE2B0 /* LocalFeedImageDataLoader.swift in Sources */ = {isa = PBXBuildFile; fileRef = 6FE39CB92555EFA8002CE2B0 /* LocalFeedImageDataLoader.swift */; };
		6FE39CC125570D62002CE2B0 /* FeedImageDataStoreSpy.swift in Sources */ = {isa = PBXBuildFile; fileRef = 6FE39CC025570D62002CE2B0 /* FeedImageDataStoreSpy.swift */; };
		6FE39CCD25570FBA002CE2B0 /* CacheFeedImageDataUseCaseTests.swift in Sources */ = {isa = PBXBuildFile; fileRef = 6FE39CCC25570FBA002CE2B0 /* CacheFeedImageDataUseCaseTests.swift */; };
		6FE39CD9255818AA002CE2B0 /* CoreDataFeedImageDataStoreTests.swift in Sources */ = {isa = PBXBuildFile; fileRef = 6FE39CD8255818AA002CE2B0 /* CoreDataFeedImageDataStoreTests.swift */; };
		6FE39CE525582F93002CE2B0 /* CoreDataFeedStore+FeedImageDataLoader.swift in Sources */ = {isa = PBXBuildFile; fileRef = 6FE39CE425582F93002CE2B0 /* CoreDataFeedStore+FeedImageDataLoader.swift */; };
		6FE39CEC255837E0002CE2B0 /* CoreDataFeedStore+FeedStore.swift in Sources */ = {isa = PBXBuildFile; fileRef = 6FE39CEB255837E0002CE2B0 /* CoreDataFeedStore+FeedStore.swift */; };
		6FE5F22025267967000C35A3 /* EssentialFeedCacheIntegrationTests.swift in Sources */ = {isa = PBXBuildFile; fileRef = 6FE5F21F25267967000C35A3 /* EssentialFeedCacheIntegrationTests.swift */; };
		6FE5F22225267967000C35A3 /* EssentialFeed.framework in Frameworks */ = {isa = PBXBuildFile; fileRef = 6F89881A24DD595D00880E24 /* EssentialFeed.framework */; };
		6FE5F22C25267B9C000C35A3 /* XCTTestCase+MemoryLeakTracking.swift in Sources */ = {isa = PBXBuildFile; fileRef = 6FA7ED0724E733B100CD5637 /* XCTTestCase+MemoryLeakTracking.swift */; };
		6FE5F23125267F5E000C35A3 /* FeedCacheTestHelpers.swift in Sources */ = {isa = PBXBuildFile; fileRef = 6F604A1D2502AE8800A682A0 /* FeedCacheTestHelpers.swift */; };
		6FE5F23625267F73000C35A3 /* SharedTestHelpers.swift in Sources */ = {isa = PBXBuildFile; fileRef = 6F604A1F2502AF4F00A682A0 /* SharedTestHelpers.swift */; };
		6FE6A2332561CB0100161571 /* FeedCache.swift in Sources */ = {isa = PBXBuildFile; fileRef = 6FE6A2322561CB0100161571 /* FeedCache.swift */; };
		AE3A919627A1BCE90004C825 /* ImageCommentsLoader.swift in Sources */ = {isa = PBXBuildFile; fileRef = AE3A919527A1BCE90004C825 /* ImageCommentsLoader.swift */; };
		AE3A919827A1BD470004C825 /* LoadRemoteImageCommentsUseCaseTests.swift in Sources */ = {isa = PBXBuildFile; fileRef = AE3A919727A1BD470004C825 /* LoadRemoteImageCommentsUseCaseTests.swift */; };
		AE3A919A27A1BEBD0004C825 /* ImageCommentsMapper.swift in Sources */ = {isa = PBXBuildFile; fileRef = AE3A919927A1BEBD0004C825 /* ImageCommentsMapper.swift */; };
		AE3A919C27A1C0AB0004C825 /* ImageComment.swift in Sources */ = {isa = PBXBuildFile; fileRef = AE3A919B27A1C0AB0004C825 /* ImageComment.swift */; };
		AE3A919E27A1C52F0004C825 /* RemoteImageCommentItem.swift in Sources */ = {isa = PBXBuildFile; fileRef = AE3A919D27A1C52F0004C825 /* RemoteImageCommentItem.swift */; };
		AE3A91A927A1F1470004C825 /* RemoteLoaderTests.swift in Sources */ = {isa = PBXBuildFile; fileRef = AE3A91A827A1F1470004C825 /* RemoteLoaderTests.swift */; };
		AE3A91AB27A1F27D0004C825 /* RemoteLoader.swift in Sources */ = {isa = PBXBuildFile; fileRef = AE3A91AA27A1F27D0004C825 /* RemoteLoader.swift */; };
/* End PBXBuildFile section */

/* Begin PBXContainerItemProxy section */
		6F4FFCB1252E170A00EECC45 /* PBXContainerItemProxy */ = {
			isa = PBXContainerItemProxy;
			containerPortal = 6F89881124DD595D00880E24 /* Project object */;
			proxyType = 1;
			remoteGlobalIDString = 6F4FFCA6252E170A00EECC45;
			remoteInfo = EssentialFeediOS;
		};
		6F89882524DD595D00880E24 /* PBXContainerItemProxy */ = {
			isa = PBXContainerItemProxy;
			containerPortal = 6F89881124DD595D00880E24 /* Project object */;
			proxyType = 1;
			remoteGlobalIDString = 6F89881924DD595D00880E24;
			remoteInfo = EssentialFeed;
		};
		6FA7ED1524E943EE00CD5637 /* PBXContainerItemProxy */ = {
			isa = PBXContainerItemProxy;
			containerPortal = 6F89881124DD595D00880E24 /* Project object */;
			proxyType = 1;
			remoteGlobalIDString = 6F89881924DD595D00880E24;
			remoteInfo = EssentialFeed;
		};
		6FB52722252F375900682588 /* PBXContainerItemProxy */ = {
			isa = PBXContainerItemProxy;
			containerPortal = 6F89881124DD595D00880E24 /* Project object */;
			proxyType = 1;
			remoteGlobalIDString = 6F89881924DD595D00880E24;
			remoteInfo = EssentialFeed;
		};
		6FE5F22325267967000C35A3 /* PBXContainerItemProxy */ = {
			isa = PBXContainerItemProxy;
			containerPortal = 6F89881124DD595D00880E24 /* Project object */;
			proxyType = 1;
			remoteGlobalIDString = 6F89881924DD595D00880E24;
			remoteInfo = EssentialFeed;
		};
/* End PBXContainerItemProxy section */

/* Begin PBXCopyFilesBuildPhase section */
		6FB52724252F375A00682588 /* Embed Frameworks */ = {
			isa = PBXCopyFilesBuildPhase;
			buildActionMask = 2147483647;
			dstPath = "";
			dstSubfolderSpec = 10;
			files = (
				6FB52721252F375900682588 /* EssentialFeed.framework in Embed Frameworks */,
			);
			name = "Embed Frameworks";
			runOnlyForDeploymentPostprocessing = 0;
		};
/* End PBXCopyFilesBuildPhase section */

/* Begin PBXFileReference section */
		6F050B6424FAADB40027E003 /* LocalFeedLoader.swift */ = {isa = PBXFileReference; lastKnownFileType = sourcecode.swift; path = LocalFeedLoader.swift; sourceTree = "<group>"; };
		6F050B6624FAAED80027E003 /* FeedStore.swift */ = {isa = PBXFileReference; lastKnownFileType = sourcecode.swift; path = FeedStore.swift; sourceTree = "<group>"; };
		6F050B6824FBB8A80027E003 /* RemoteFeedItem.swift */ = {isa = PBXFileReference; lastKnownFileType = sourcecode.swift; path = RemoteFeedItem.swift; sourceTree = "<group>"; };
		6F050B6A24FBB9040027E003 /* LocalFeedImage.swift */ = {isa = PBXFileReference; lastKnownFileType = sourcecode.swift; path = LocalFeedImage.swift; sourceTree = "<group>"; };
		6F0D4A542534B4FE005951E9 /* FeedImageCellController.swift */ = {isa = PBXFileReference; lastKnownFileType = sourcecode.swift; path = FeedImageCellController.swift; sourceTree = "<group>"; };
		6F0D4AC5253DEBC6005951E9 /* Feed.storyboard */ = {isa = PBXFileReference; lastKnownFileType = file.storyboard; path = Feed.storyboard; sourceTree = "<group>"; };
		6F0D4ACC253DEC53005951E9 /* Feed.xcassets */ = {isa = PBXFileReference; lastKnownFileType = folder.assetcatalog; path = Feed.xcassets; sourceTree = "<group>"; };
		6F1D12172517CD8800979155 /* FeedStoreSpecs.swift */ = {isa = PBXFileReference; lastKnownFileType = sourcecode.swift; path = FeedStoreSpecs.swift; sourceTree = "<group>"; };
		6F1D12192517CE3E00979155 /* XCTestCase+FeedStoreSpecs.swift */ = {isa = PBXFileReference; lastKnownFileType = sourcecode.swift; path = "XCTestCase+FeedStoreSpecs.swift"; sourceTree = "<group>"; };
		6F1D121B2517D99B00979155 /* XCTestCase+FailableRetrieveFeedStoreSpecs.swift */ = {isa = PBXFileReference; lastKnownFileType = sourcecode.swift; path = "XCTestCase+FailableRetrieveFeedStoreSpecs.swift"; sourceTree = "<group>"; };
		6F1D121D2517DA8D00979155 /* XCTestCase+FailableInsertFeedStoreSpecs.swift */ = {isa = PBXFileReference; lastKnownFileType = sourcecode.swift; path = "XCTestCase+FailableInsertFeedStoreSpecs.swift"; sourceTree = "<group>"; };
		6F1D121F2517DB2700979155 /* XCTestCase+FailableDeleteFeedStoreSpecs.swift */ = {isa = PBXFileReference; lastKnownFileType = sourcecode.swift; path = "XCTestCase+FailableDeleteFeedStoreSpecs.swift"; sourceTree = "<group>"; };
		6F3A56AC24DD6A4500F984EC /* LoadRemoteFeedImagesUseCaseTests.swift */ = {isa = PBXFileReference; lastKnownFileType = sourcecode.swift; path = LoadRemoteFeedImagesUseCaseTests.swift; sourceTree = "<group>"; };
		6F3A56AF24DEA27600F984EC /* RemoteFeedLoader.swift */ = {isa = PBXFileReference; lastKnownFileType = sourcecode.swift; path = RemoteFeedLoader.swift; sourceTree = "<group>"; };
		6F421C72254D886000DA786E /* ErrorView.swift */ = {isa = PBXFileReference; lastKnownFileType = sourcecode.swift; path = ErrorView.swift; sourceTree = "<group>"; };
		6F421C86254D8FB200DA786E /* UIRefreshControl+Helpers.swift */ = {isa = PBXFileReference; lastKnownFileType = sourcecode.swift; path = "UIRefreshControl+Helpers.swift"; sourceTree = "<group>"; };
		6F421C93254D929100DA786E /* FeedPresenterTests.swift */ = {isa = PBXFileReference; lastKnownFileType = sourcecode.swift; path = FeedPresenterTests.swift; sourceTree = "<group>"; };
		6F4FFCA7252E170A00EECC45 /* EssentialFeediOS.framework */ = {isa = PBXFileReference; explicitFileType = wrapper.framework; includeInIndex = 0; path = EssentialFeediOS.framework; sourceTree = BUILT_PRODUCTS_DIR; };
		6F4FFCAA252E170A00EECC45 /* Info.plist */ = {isa = PBXFileReference; lastKnownFileType = text.plist.xml; path = Info.plist; sourceTree = "<group>"; };
		6F4FFCAF252E170A00EECC45 /* EssentialFeediOSTests.xctest */ = {isa = PBXFileReference; explicitFileType = wrapper.cfbundle; includeInIndex = 0; path = EssentialFeediOSTests.xctest; sourceTree = BUILT_PRODUCTS_DIR; };
		6F4FFCB6252E170A00EECC45 /* Info.plist */ = {isa = PBXFileReference; lastKnownFileType = text.plist.xml; path = Info.plist; sourceTree = "<group>"; };
		6F530ADA2573FE9D00A51425 /* FeedSnapshotTests.swift */ = {isa = PBXFileReference; lastKnownFileType = sourcecode.swift; path = FeedSnapshotTests.swift; sourceTree = "<group>"; };
		6F530AE2257403A300A51425 /* UIImage+TestHelpers.swift */ = {isa = PBXFileReference; fileEncoding = 4; lastKnownFileType = sourcecode.swift; path = "UIImage+TestHelpers.swift"; sourceTree = "<group>"; };
		6F530AEE2574060700A51425 /* UITableView+HeaderSizing.swift */ = {isa = PBXFileReference; lastKnownFileType = sourcecode.swift; path = "UITableView+HeaderSizing.swift"; sourceTree = "<group>"; };
		6F56E78E24F7DB9700A14861 /* CacheFeedUseCase.swift */ = {isa = PBXFileReference; lastKnownFileType = sourcecode.swift; path = CacheFeedUseCase.swift; sourceTree = "<group>"; };
		6F574DC02534AD790075613A /* FeedImageDataLoader.swift */ = {isa = PBXFileReference; lastKnownFileType = sourcecode.swift; path = FeedImageDataLoader.swift; sourceTree = "<group>"; };
		6F604A1D2502AE8800A682A0 /* FeedCacheTestHelpers.swift */ = {isa = PBXFileReference; lastKnownFileType = sourcecode.swift; path = FeedCacheTestHelpers.swift; sourceTree = "<group>"; };
		6F604A1F2502AF4F00A682A0 /* SharedTestHelpers.swift */ = {isa = PBXFileReference; lastKnownFileType = sourcecode.swift; path = SharedTestHelpers.swift; sourceTree = "<group>"; };
		6F63A69D254DC80D00785B21 /* en */ = {isa = PBXFileReference; lastKnownFileType = text.plist.strings; name = en; path = en.lproj/Feed.strings; sourceTree = "<group>"; };
		6F63A6A4254DC80F00785B21 /* de */ = {isa = PBXFileReference; lastKnownFileType = text.plist.strings; name = de; path = de.lproj/Feed.strings; sourceTree = "<group>"; };
		6F63A6A5254DC80F00785B21 /* el */ = {isa = PBXFileReference; lastKnownFileType = text.plist.strings; name = el; path = el.lproj/Feed.strings; sourceTree = "<group>"; };
		6F63A6A6254DC81000785B21 /* pt-BR */ = {isa = PBXFileReference; lastKnownFileType = text.plist.strings; name = "pt-BR"; path = "pt-BR.lproj/Feed.strings"; sourceTree = "<group>"; };
		6F63A6AD254DCB3000785B21 /* FeedPresenter.swift */ = {isa = PBXFileReference; lastKnownFileType = sourcecode.swift; path = FeedPresenter.swift; sourceTree = "<group>"; };
		6F63A6C9254DCC2000785B21 /* FeedViewModel.swift */ = {isa = PBXFileReference; lastKnownFileType = sourcecode.swift; path = FeedViewModel.swift; sourceTree = "<group>"; };
		6F63A6D0254DCC4900785B21 /* FeedLoadingViewModel.swift */ = {isa = PBXFileReference; lastKnownFileType = sourcecode.swift; path = FeedLoadingViewModel.swift; sourceTree = "<group>"; };
		6F63A6D7254DCC9900785B21 /* FeedErrorViewModel.swift */ = {isa = PBXFileReference; lastKnownFileType = sourcecode.swift; path = FeedErrorViewModel.swift; sourceTree = "<group>"; };
		6F63A707254DCFF000785B21 /* FeedImagePresenterTests.swift */ = {isa = PBXFileReference; lastKnownFileType = sourcecode.swift; path = FeedImagePresenterTests.swift; sourceTree = "<group>"; };
		6F63A70E254DDB1300785B21 /* FeedImagePresenter.swift */ = {isa = PBXFileReference; lastKnownFileType = sourcecode.swift; path = FeedImagePresenter.swift; sourceTree = "<group>"; };
		6F63A715254DDB8700785B21 /* FeedImageViewModel.swift */ = {isa = PBXFileReference; lastKnownFileType = sourcecode.swift; path = FeedImageViewModel.swift; sourceTree = "<group>"; };
		6F73D4BD25322120004E214E /* UIView+Shimmering.swift */ = {isa = PBXFileReference; lastKnownFileType = sourcecode.swift; path = "UIView+Shimmering.swift"; sourceTree = "<group>"; };
		6F777DDD2526759F0018ADCF /* FeedCache.xcdatamodel */ = {isa = PBXFileReference; lastKnownFileType = wrapper.xcdatamodel; path = FeedCache.xcdatamodel; sourceTree = "<group>"; };
		6F777DDF2526759F0018ADCF /* ManagedCache.swift */ = {isa = PBXFileReference; fileEncoding = 4; lastKnownFileType = sourcecode.swift; path = ManagedCache.swift; sourceTree = "<group>"; };
		6F777DE12526759F0018ADCF /* ManagedFeedImage.swift */ = {isa = PBXFileReference; fileEncoding = 4; lastKnownFileType = sourcecode.swift; path = ManagedFeedImage.swift; sourceTree = "<group>"; };
		6F777DE22526759F0018ADCF /* CoreDataFeedStore.swift */ = {isa = PBXFileReference; fileEncoding = 4; lastKnownFileType = sourcecode.swift; path = CoreDataFeedStore.swift; sourceTree = "<group>"; };
		6F777DEC252675DC0018ADCF /* CoreDataFeedStoreTests.swift */ = {isa = PBXFileReference; fileEncoding = 4; lastKnownFileType = sourcecode.swift; path = CoreDataFeedStoreTests.swift; sourceTree = "<group>"; };
		6F7F274A25409DD200D384ED /* UITableView+Dequeueing.swift */ = {isa = PBXFileReference; lastKnownFileType = sourcecode.swift; path = "UITableView+Dequeueing.swift"; sourceTree = "<group>"; };
		6F7F275125409F0300D384ED /* UIImageView+Animations.swift */ = {isa = PBXFileReference; lastKnownFileType = sourcecode.swift; path = "UIImageView+Animations.swift"; sourceTree = "<group>"; };
		6F8637E72500117500CEA079 /* ValidateFeedCacheUseCaseTests.swift */ = {isa = PBXFileReference; lastKnownFileType = sourcecode.swift; path = ValidateFeedCacheUseCaseTests.swift; sourceTree = "<group>"; };
		6F89881A24DD595D00880E24 /* EssentialFeed.framework */ = {isa = PBXFileReference; explicitFileType = wrapper.framework; includeInIndex = 0; path = EssentialFeed.framework; sourceTree = BUILT_PRODUCTS_DIR; };
		6F89881E24DD595D00880E24 /* Info.plist */ = {isa = PBXFileReference; lastKnownFileType = text.plist.xml; path = Info.plist; sourceTree = "<group>"; };
		6F89882324DD595D00880E24 /* EssentialFeedTests.xctest */ = {isa = PBXFileReference; explicitFileType = wrapper.cfbundle; includeInIndex = 0; path = EssentialFeedTests.xctest; sourceTree = BUILT_PRODUCTS_DIR; };
		6F89882A24DD595D00880E24 /* Info.plist */ = {isa = PBXFileReference; lastKnownFileType = text.plist.xml; path = Info.plist; sourceTree = "<group>"; };
		6F89883424DD598300880E24 /* FeedImage.swift */ = {isa = PBXFileReference; lastKnownFileType = sourcecode.swift; path = FeedImage.swift; sourceTree = "<group>"; };
		6F89883624DD5A6700880E24 /* FeedLoader.swift */ = {isa = PBXFileReference; lastKnownFileType = sourcecode.swift; path = FeedLoader.swift; sourceTree = "<group>"; };
		6F929AA225127B990086452E /* FeedCachePolicy.swift */ = {isa = PBXFileReference; lastKnownFileType = sourcecode.swift; path = FeedCachePolicy.swift; sourceTree = "<group>"; };
		6F93A1672532045F00E392C7 /* FeedImageCell.swift */ = {isa = PBXFileReference; lastKnownFileType = sourcecode.swift; path = FeedImageCell.swift; sourceTree = "<group>"; };
		6F9CCD4C2553108E00B6231E /* LoadFeedImageFromRemoteUseCaseTests.swift */ = {isa = PBXFileReference; lastKnownFileType = sourcecode.swift; path = LoadFeedImageFromRemoteUseCaseTests.swift; sourceTree = "<group>"; };
		6F9CCDB52554742100B6231E /* HTTPClientSpy.swift */ = {isa = PBXFileReference; lastKnownFileType = sourcecode.swift; path = HTTPClientSpy.swift; sourceTree = "<group>"; };
		6F9CCDC12554749E00B6231E /* RemoteFeedImageDataLoader.swift */ = {isa = PBXFileReference; lastKnownFileType = sourcecode.swift; path = RemoteFeedImageDataLoader.swift; sourceTree = "<group>"; };
		6F9CCDC925547C4E00B6231E /* HTTPURLResponse+StatusCode.swift */ = {isa = PBXFileReference; lastKnownFileType = sourcecode.swift; path = "HTTPURLResponse+StatusCode.swift"; sourceTree = "<group>"; };
		6F9CCDD025547D2F00B6231E /* URLProtocolStub.swift */ = {isa = PBXFileReference; lastKnownFileType = sourcecode.swift; path = URLProtocolStub.swift; sourceTree = "<group>"; };
		6FA7ED0724E733B100CD5637 /* XCTTestCase+MemoryLeakTracking.swift */ = {isa = PBXFileReference; lastKnownFileType = sourcecode.swift; path = "XCTTestCase+MemoryLeakTracking.swift"; sourceTree = "<group>"; };
		6FA7ED0924E742AA00CD5637 /* URLSessionHTTPClient.swift */ = {isa = PBXFileReference; lastKnownFileType = sourcecode.swift; path = URLSessionHTTPClient.swift; sourceTree = "<group>"; };
		6FA7ED0F24E943EE00CD5637 /* EssentialFeedAPIEndToEndTests.xctest */ = {isa = PBXFileReference; explicitFileType = wrapper.cfbundle; includeInIndex = 0; path = EssentialFeedAPIEndToEndTests.xctest; sourceTree = BUILT_PRODUCTS_DIR; };
		6FA7ED1124E943EE00CD5637 /* EssentialFeedAPIEndToEndTests.swift */ = {isa = PBXFileReference; lastKnownFileType = sourcecode.swift; path = EssentialFeedAPIEndToEndTests.swift; sourceTree = "<group>"; };
		6FA7ED1324E943EE00CD5637 /* Info.plist */ = {isa = PBXFileReference; lastKnownFileType = text.plist.xml; path = Info.plist; sourceTree = "<group>"; };
		6FAD06962562EF1300C56F9E /* FeedImageDataCache.swift */ = {isa = PBXFileReference; lastKnownFileType = sourcecode.swift; path = FeedImageDataCache.swift; sourceTree = "<group>"; };
		6FB0240424E117B80093DAC8 /* HTTPClient.swift */ = {isa = PBXFileReference; lastKnownFileType = sourcecode.swift; path = HTTPClient.swift; sourceTree = "<group>"; };
		6FB0240624E118730093DAC8 /* FeedItemsMapper.swift */ = {isa = PBXFileReference; lastKnownFileType = sourcecode.swift; path = FeedItemsMapper.swift; sourceTree = "<group>"; };
		6FB0240924E476BD0093DAC8 /* URLSessionHTTPClientTests.swift */ = {isa = PBXFileReference; lastKnownFileType = sourcecode.swift; path = URLSessionHTTPClientTests.swift; sourceTree = "<group>"; };
		6FB14B98254383A100B91677 /* FeedLocalizationTests.swift */ = {isa = PBXFileReference; lastKnownFileType = sourcecode.swift; path = FeedLocalizationTests.swift; sourceTree = "<group>"; };
		6FB52740252F615E00682588 /* FeedViewController.swift */ = {isa = PBXFileReference; lastKnownFileType = sourcecode.swift; path = FeedViewController.swift; sourceTree = "<group>"; };
		6FDE3F2B24FD629F000E28E6 /* LoadFeedFromCacheUseCase.swift */ = {isa = PBXFileReference; lastKnownFileType = sourcecode.swift; path = LoadFeedFromCacheUseCase.swift; sourceTree = "<group>"; };
		6FDE3F2E24FD6505000E28E6 /* FeedStoreSpy.swift */ = {isa = PBXFileReference; lastKnownFileType = sourcecode.swift; path = FeedStoreSpy.swift; sourceTree = "<group>"; };
		6FE39CAB2555C0B8002CE2B0 /* LoadFeedImageDataFromCacheUseCaseTests.swift */ = {isa = PBXFileReference; lastKnownFileType = sourcecode.swift; path = LoadFeedImageDataFromCacheUseCaseTests.swift; sourceTree = "<group>"; };
		6FE39CB22555EF72002CE2B0 /* FeedImageDataStore.swift */ = {isa = PBXFileReference; lastKnownFileType = sourcecode.swift; path = FeedImageDataStore.swift; sourceTree = "<group>"; };
		6FE39CB92555EFA8002CE2B0 /* LocalFeedImageDataLoader.swift */ = {isa = PBXFileReference; lastKnownFileType = sourcecode.swift; path = LocalFeedImageDataLoader.swift; sourceTree = "<group>"; };
		6FE39CC025570D62002CE2B0 /* FeedImageDataStoreSpy.swift */ = {isa = PBXFileReference; lastKnownFileType = sourcecode.swift; path = FeedImageDataStoreSpy.swift; sourceTree = "<group>"; };
		6FE39CCC25570FBA002CE2B0 /* CacheFeedImageDataUseCaseTests.swift */ = {isa = PBXFileReference; lastKnownFileType = sourcecode.swift; path = CacheFeedImageDataUseCaseTests.swift; sourceTree = "<group>"; };
		6FE39CD8255818AA002CE2B0 /* CoreDataFeedImageDataStoreTests.swift */ = {isa = PBXFileReference; lastKnownFileType = sourcecode.swift; path = CoreDataFeedImageDataStoreTests.swift; sourceTree = "<group>"; };
		6FE39CE425582F93002CE2B0 /* CoreDataFeedStore+FeedImageDataLoader.swift */ = {isa = PBXFileReference; lastKnownFileType = sourcecode.swift; path = "CoreDataFeedStore+FeedImageDataLoader.swift"; sourceTree = "<group>"; };
		6FE39CEB255837E0002CE2B0 /* CoreDataFeedStore+FeedStore.swift */ = {isa = PBXFileReference; lastKnownFileType = sourcecode.swift; path = "CoreDataFeedStore+FeedStore.swift"; sourceTree = "<group>"; };
		6FE5F21D25267967000C35A3 /* EssentialFeedCacheIntegrationTests.xctest */ = {isa = PBXFileReference; explicitFileType = wrapper.cfbundle; includeInIndex = 0; path = EssentialFeedCacheIntegrationTests.xctest; sourceTree = BUILT_PRODUCTS_DIR; };
		6FE5F21F25267967000C35A3 /* EssentialFeedCacheIntegrationTests.swift */ = {isa = PBXFileReference; lastKnownFileType = sourcecode.swift; path = EssentialFeedCacheIntegrationTests.swift; sourceTree = "<group>"; };
		6FE5F22125267967000C35A3 /* Info.plist */ = {isa = PBXFileReference; lastKnownFileType = text.plist.xml; path = Info.plist; sourceTree = "<group>"; };
		6FE6A2322561CB0100161571 /* FeedCache.swift */ = {isa = PBXFileReference; lastKnownFileType = sourcecode.swift; path = FeedCache.swift; sourceTree = "<group>"; };
		AE3A919527A1BCE90004C825 /* ImageCommentsLoader.swift */ = {isa = PBXFileReference; lastKnownFileType = sourcecode.swift; path = ImageCommentsLoader.swift; sourceTree = "<group>"; };
		AE3A919727A1BD470004C825 /* LoadRemoteImageCommentsUseCaseTests.swift */ = {isa = PBXFileReference; lastKnownFileType = sourcecode.swift; path = LoadRemoteImageCommentsUseCaseTests.swift; sourceTree = "<group>"; };
		AE3A919927A1BEBD0004C825 /* ImageCommentsMapper.swift */ = {isa = PBXFileReference; lastKnownFileType = sourcecode.swift; path = ImageCommentsMapper.swift; sourceTree = "<group>"; };
		AE3A919B27A1C0AB0004C825 /* ImageComment.swift */ = {isa = PBXFileReference; lastKnownFileType = sourcecode.swift; path = ImageComment.swift; sourceTree = "<group>"; };
		AE3A919D27A1C52F0004C825 /* RemoteImageCommentItem.swift */ = {isa = PBXFileReference; lastKnownFileType = sourcecode.swift; path = RemoteImageCommentItem.swift; sourceTree = "<group>"; };
		AE3A91A827A1F1470004C825 /* RemoteLoaderTests.swift */ = {isa = PBXFileReference; lastKnownFileType = sourcecode.swift; path = RemoteLoaderTests.swift; sourceTree = "<group>"; };
		AE3A91AA27A1F27D0004C825 /* RemoteLoader.swift */ = {isa = PBXFileReference; lastKnownFileType = sourcecode.swift; path = RemoteLoader.swift; sourceTree = "<group>"; };
/* End PBXFileReference section */

/* Begin PBXFrameworksBuildPhase section */
		6F4FFCA4252E170A00EECC45 /* Frameworks */ = {
			isa = PBXFrameworksBuildPhase;
			buildActionMask = 2147483647;
			files = (
				6FB52720252F375900682588 /* EssentialFeed.framework in Frameworks */,
			);
			runOnlyForDeploymentPostprocessing = 0;
		};
		6F4FFCAC252E170A00EECC45 /* Frameworks */ = {
			isa = PBXFrameworksBuildPhase;
			buildActionMask = 2147483647;
			files = (
				6F4FFCB0252E170A00EECC45 /* EssentialFeediOS.framework in Frameworks */,
			);
			runOnlyForDeploymentPostprocessing = 0;
		};
		6F89881724DD595D00880E24 /* Frameworks */ = {
			isa = PBXFrameworksBuildPhase;
			buildActionMask = 2147483647;
			files = (
			);
			runOnlyForDeploymentPostprocessing = 0;
		};
		6F89882024DD595D00880E24 /* Frameworks */ = {
			isa = PBXFrameworksBuildPhase;
			buildActionMask = 2147483647;
			files = (
				6F89882424DD595D00880E24 /* EssentialFeed.framework in Frameworks */,
			);
			runOnlyForDeploymentPostprocessing = 0;
		};
		6FA7ED0C24E943EE00CD5637 /* Frameworks */ = {
			isa = PBXFrameworksBuildPhase;
			buildActionMask = 2147483647;
			files = (
				6FA7ED1424E943EE00CD5637 /* EssentialFeed.framework in Frameworks */,
			);
			runOnlyForDeploymentPostprocessing = 0;
		};
		6FE5F21A25267967000C35A3 /* Frameworks */ = {
			isa = PBXFrameworksBuildPhase;
			buildActionMask = 2147483647;
			files = (
				6FE5F22225267967000C35A3 /* EssentialFeed.framework in Frameworks */,
			);
			runOnlyForDeploymentPostprocessing = 0;
		};
/* End PBXFrameworksBuildPhase section */

/* Begin PBXGroup section */
		6F050B6324FAAD6F0027E003 /* FeedCache */ = {
			isa = PBXGroup;
			children = (
				6F929AA225127B990086452E /* FeedCachePolicy.swift */,
				6FE39CB22555EF72002CE2B0 /* FeedImageDataStore.swift */,
				6F050B6624FAAED80027E003 /* FeedStore.swift */,
				6F050B6A24FBB9040027E003 /* LocalFeedImage.swift */,
				6FE39CB92555EFA8002CE2B0 /* LocalFeedImageDataLoader.swift */,
				6F050B6424FAADB40027E003 /* LocalFeedLoader.swift */,
				6F777DDB2526752A0018ADCF /* CoreDataFeedStore */,
			);
			path = FeedCache;
			sourceTree = "<group>";
		};
		6F1D12212517DBBB00979155 /* FeedStoreSpecs */ = {
			isa = PBXGroup;
			children = (
				6F1D12172517CD8800979155 /* FeedStoreSpecs.swift */,
				6F1D12192517CE3E00979155 /* XCTestCase+FeedStoreSpecs.swift */,
				6F1D121F2517DB2700979155 /* XCTestCase+FailableDeleteFeedStoreSpecs.swift */,
				6F1D121B2517D99B00979155 /* XCTestCase+FailableRetrieveFeedStoreSpecs.swift */,
				6F1D121D2517DA8D00979155 /* XCTestCase+FailableInsertFeedStoreSpecs.swift */,
			);
			path = FeedStoreSpecs;
			sourceTree = "<group>";
		};
		6F3A56AE24DEA26100F984EC /* FeedAPI */ = {
			isa = PBXGroup;
			children = (
				6F9CCDC825547C3700B6231E /* Helpers */,
				6F3A56AF24DEA27600F984EC /* RemoteFeedLoader.swift */,
				6FB0240624E118730093DAC8 /* FeedItemsMapper.swift */,
				6F050B6824FBB8A80027E003 /* RemoteFeedItem.swift */,
				6F9CCDC12554749E00B6231E /* RemoteFeedImageDataLoader.swift */,
				AE3A919D27A1C52F0004C825 /* RemoteImageCommentItem.swift */,
			);
			path = FeedAPI;
			sourceTree = "<group>";
		};
		6F421C79254D8F1800DA786E /* Helpers */ = {
			isa = PBXGroup;
			children = (
				6F73D4BD25322120004E214E /* UIView+Shimmering.swift */,
				6F7F274A25409DD200D384ED /* UITableView+Dequeueing.swift */,
				6F7F275125409F0300D384ED /* UIImageView+Animations.swift */,
				6F421C86254D8FB200DA786E /* UIRefreshControl+Helpers.swift */,
				6F530AEE2574060700A51425 /* UITableView+HeaderSizing.swift */,
			);
			path = Helpers;
			sourceTree = "<group>";
		};
		6F421C92254D926E00DA786E /* FeedPresentation */ = {
			isa = PBXGroup;
			children = (
				6FB14B98254383A100B91677 /* FeedLocalizationTests.swift */,
				6F421C93254D929100DA786E /* FeedPresenterTests.swift */,
				6F63A707254DCFF000785B21 /* FeedImagePresenterTests.swift */,
			);
			path = FeedPresentation;
			sourceTree = "<group>";
		};
		6F4FFCA8252E170A00EECC45 /* EssentialFeediOS */ = {
			isa = PBXGroup;
			children = (
				6F574DC72534AE1A0075613A /* FeedUI */,
				6F4FFCAA252E170A00EECC45 /* Info.plist */,
			);
			path = EssentialFeediOS;
			sourceTree = "<group>";
		};
		6F4FFCB3252E170A00EECC45 /* EssentialFeediOSTests */ = {
			isa = PBXGroup;
			children = (
				6F530AE12574036600A51425 /* Helpers */,
				6F4FFCB6252E170A00EECC45 /* Info.plist */,
				6F530ADA2573FE9D00A51425 /* FeedSnapshotTests.swift */,
			);
			path = EssentialFeediOSTests;
			sourceTree = "<group>";
		};
		6F530AE12574036600A51425 /* Helpers */ = {
			isa = PBXGroup;
			children = (
				6F530AE2257403A300A51425 /* UIImage+TestHelpers.swift */,
			);
			path = Helpers;
			sourceTree = "<group>";
		};
		6F56E78D24F7DB7100A14861 /* FeedCache */ = {
			isa = PBXGroup;
			children = (
				6FE39CCC25570FBA002CE2B0 /* CacheFeedImageDataUseCaseTests.swift */,
				6F56E78E24F7DB9700A14861 /* CacheFeedUseCase.swift */,
				6FE39CD8255818AA002CE2B0 /* CoreDataFeedImageDataStoreTests.swift */,
				6F777DEC252675DC0018ADCF /* CoreDataFeedStoreTests.swift */,
				6FDE3F2B24FD629F000E28E6 /* LoadFeedFromCacheUseCase.swift */,
				6FE39CAB2555C0B8002CE2B0 /* LoadFeedImageDataFromCacheUseCaseTests.swift */,
				6F8637E72500117500CEA079 /* ValidateFeedCacheUseCaseTests.swift */,
				6F1D12212517DBBB00979155 /* FeedStoreSpecs */,
				6FDE3F2D24FD64F7000E28E6 /* Helpers */,
			);
			path = FeedCache;
			sourceTree = "<group>";
		};
		6F574DC72534AE1A0075613A /* FeedUI */ = {
			isa = PBXGroup;
			children = (
				6F574DC82534AE250075613A /* Controllers */,
				6F574DC92534AE2D0075613A /* Views */,
			);
			path = FeedUI;
			sourceTree = "<group>";
		};
		6F574DC82534AE250075613A /* Controllers */ = {
			isa = PBXGroup;
			children = (
				6F0D4A542534B4FE005951E9 /* FeedImageCellController.swift */,
				6FB52740252F615E00682588 /* FeedViewController.swift */,
			);
			path = Controllers;
			sourceTree = "<group>";
		};
		6F574DC92534AE2D0075613A /* Views */ = {
			isa = PBXGroup;
			children = (
				6F421C79254D8F1800DA786E /* Helpers */,
				6F0D4AC5253DEBC6005951E9 /* Feed.storyboard */,
				6F421C72254D886000DA786E /* ErrorView.swift */,
				6F93A1672532045F00E392C7 /* FeedImageCell.swift */,
				6F0D4ACC253DEC53005951E9 /* Feed.xcassets */,
			);
			path = Views;
			sourceTree = "<group>";
		};
		6F63A6AC254DCB1900785B21 /* FeedPresentation */ = {
			isa = PBXGroup;
			children = (
				6F63A6AD254DCB3000785B21 /* FeedPresenter.swift */,
				6F63A69E254DC80D00785B21 /* Feed.strings */,
				6F63A6C9254DCC2000785B21 /* FeedViewModel.swift */,
				6F63A6D0254DCC4900785B21 /* FeedLoadingViewModel.swift */,
				6F63A6D7254DCC9900785B21 /* FeedErrorViewModel.swift */,
				6F63A70E254DDB1300785B21 /* FeedImagePresenter.swift */,
				6F63A715254DDB8700785B21 /* FeedImageViewModel.swift */,
			);
			path = FeedPresentation;
			sourceTree = "<group>";
		};
		6F777DDB2526752A0018ADCF /* CoreDataFeedStore */ = {
			isa = PBXGroup;
			children = (
				6F777DE22526759F0018ADCF /* CoreDataFeedStore.swift */,
				6FE39CE425582F93002CE2B0 /* CoreDataFeedStore+FeedImageDataLoader.swift */,
				6FE39CEB255837E0002CE2B0 /* CoreDataFeedStore+FeedStore.swift */,
				6F777DDF2526759F0018ADCF /* ManagedCache.swift */,
				6F777DE12526759F0018ADCF /* ManagedFeedImage.swift */,
				6F777DDC2526759F0018ADCF /* FeedCache.xcdatamodeld */,
			);
			path = CoreDataFeedStore;
			sourceTree = "<group>";
		};
		6F89881024DD595D00880E24 = {
			isa = PBXGroup;
			children = (
				6F89881C24DD595D00880E24 /* EssentialFeed */,
				6F89882724DD595D00880E24 /* EssentialFeedTests */,
				6FA7ED1024E943EE00CD5637 /* EssentialFeedAPIEndToEndTests */,
				6FE5F21E25267967000C35A3 /* EssentialFeedCacheIntegrationTests */,
				6F4FFCA8252E170A00EECC45 /* EssentialFeediOS */,
				6F4FFCB3252E170A00EECC45 /* EssentialFeediOSTests */,
				6F89881B24DD595D00880E24 /* Products */,
				6FB5271F252F375900682588 /* Frameworks */,
			);
			sourceTree = "<group>";
		};
		6F89881B24DD595D00880E24 /* Products */ = {
			isa = PBXGroup;
			children = (
				6F89881A24DD595D00880E24 /* EssentialFeed.framework */,
				6F89882324DD595D00880E24 /* EssentialFeedTests.xctest */,
				6FA7ED0F24E943EE00CD5637 /* EssentialFeedAPIEndToEndTests.xctest */,
				6FE5F21D25267967000C35A3 /* EssentialFeedCacheIntegrationTests.xctest */,
				6F4FFCA7252E170A00EECC45 /* EssentialFeediOS.framework */,
				6F4FFCAF252E170A00EECC45 /* EssentialFeediOSTests.xctest */,
			);
			name = Products;
			sourceTree = "<group>";
		};
		6F89881C24DD595D00880E24 /* EssentialFeed */ = {
			isa = PBXGroup;
			children = (
				6F89881E24DD595D00880E24 /* Info.plist */,
				6F3A56AE24DEA26100F984EC /* FeedAPI */,
				6F050B6324FAAD6F0027E003 /* FeedCache */,
				6F89883824DD5C1200880E24 /* FeedFeature */,
				6F63A6AC254DCB1900785B21 /* FeedPresentation */,
				AE3A91A527A1E30E0004C825 /* ImageCommentsAPI */,
				AE3A919F27A1CA0A0004C825 /* ImageCommentsFeature */,
				AE3A91A027A1E24D0004C825 /* SharedAPI */,
				AE3A91A127A1E2540004C825 /* SharedAPIInfra */,
			);
			path = EssentialFeed;
			sourceTree = "<group>";
		};
		6F89882724DD595D00880E24 /* EssentialFeedTests */ = {
			isa = PBXGroup;
			children = (
				6F89882A24DD595D00880E24 /* Info.plist */,
				6FB0240824E1246E0093DAC8 /* FeedAPI */,
				6F56E78D24F7DB7100A14861 /* FeedCache */,
				6F421C92254D926E00DA786E /* FeedPresentation */,
				6FA7ED0624E7337E00CD5637 /* Helpers */,
				AE3A91A727A1E3350004C825 /* ImageCommentsAPI */,
				AE3A91A227A1E26E0004C825 /* SharedAPI */,
				AE3A91A427A1E2830004C825 /* SharedAPIInfra */,
			);
			path = EssentialFeedTests;
			sourceTree = "<group>";
		};
		6F89883824DD5C1200880E24 /* FeedFeature */ = {
			isa = PBXGroup;
			children = (
				6F574DC02534AD790075613A /* FeedImageDataLoader.swift */,
				6F89883424DD598300880E24 /* FeedImage.swift */,
				6F89883624DD5A6700880E24 /* FeedLoader.swift */,
				6FE6A2322561CB0100161571 /* FeedCache.swift */,
				6FAD06962562EF1300C56F9E /* FeedImageDataCache.swift */,
			);
			path = FeedFeature;
			sourceTree = "<group>";
		};
		6F9CCDB4255473FC00B6231E /* Helpers */ = {
			isa = PBXGroup;
			children = (
				6F9CCDD025547D2F00B6231E /* URLProtocolStub.swift */,
			);
			path = Helpers;
			sourceTree = "<group>";
		};
		6F9CCDC825547C3700B6231E /* Helpers */ = {
			isa = PBXGroup;
			children = (
				6F9CCDC925547C4E00B6231E /* HTTPURLResponse+StatusCode.swift */,
			);
			path = Helpers;
			sourceTree = "<group>";
		};
		6FA7ED0624E7337E00CD5637 /* Helpers */ = {
			isa = PBXGroup;
			children = (
				6FA7ED0724E733B100CD5637 /* XCTTestCase+MemoryLeakTracking.swift */,
				6F604A1F2502AF4F00A682A0 /* SharedTestHelpers.swift */,
			);
			path = Helpers;
			sourceTree = "<group>";
		};
		6FA7ED1024E943EE00CD5637 /* EssentialFeedAPIEndToEndTests */ = {
			isa = PBXGroup;
			children = (
				6FA7ED1124E943EE00CD5637 /* EssentialFeedAPIEndToEndTests.swift */,
				6FA7ED1324E943EE00CD5637 /* Info.plist */,
			);
			path = EssentialFeedAPIEndToEndTests;
			sourceTree = "<group>";
		};
		6FB0240824E1246E0093DAC8 /* FeedAPI */ = {
			isa = PBXGroup;
			children = (
				6F3A56AC24DD6A4500F984EC /* LoadRemoteFeedImagesUseCaseTests.swift */,
				6F9CCD4C2553108E00B6231E /* LoadFeedImageFromRemoteUseCaseTests.swift */,
			);
			path = FeedAPI;
			sourceTree = "<group>";
		};
		6FB5271F252F375900682588 /* Frameworks */ = {
			isa = PBXGroup;
			children = (
			);
			name = Frameworks;
			sourceTree = "<group>";
		};
		6FDE3F2D24FD64F7000E28E6 /* Helpers */ = {
			isa = PBXGroup;
			children = (
				6FDE3F2E24FD6505000E28E6 /* FeedStoreSpy.swift */,
				6F604A1D2502AE8800A682A0 /* FeedCacheTestHelpers.swift */,
				6FE39CC025570D62002CE2B0 /* FeedImageDataStoreSpy.swift */,
			);
			path = Helpers;
			sourceTree = "<group>";
		};
		6FE5F21E25267967000C35A3 /* EssentialFeedCacheIntegrationTests */ = {
			isa = PBXGroup;
			children = (
				6FE5F21F25267967000C35A3 /* EssentialFeedCacheIntegrationTests.swift */,
				6FE5F22125267967000C35A3 /* Info.plist */,
			);
			path = EssentialFeedCacheIntegrationTests;
			sourceTree = "<group>";
		};
		AE3A919F27A1CA0A0004C825 /* ImageCommentsFeature */ = {
			isa = PBXGroup;
			children = (
				AE3A919B27A1C0AB0004C825 /* ImageComment.swift */,
			);
			path = ImageCommentsFeature;
			sourceTree = "<group>";
		};
		AE3A91A027A1E24D0004C825 /* SharedAPI */ = {
			isa = PBXGroup;
			children = (
				6FB0240424E117B80093DAC8 /* HTTPClient.swift */,
				AE3A91AA27A1F27D0004C825 /* RemoteLoader.swift */,
			);
			path = SharedAPI;
			sourceTree = "<group>";
		};
		AE3A91A127A1E2540004C825 /* SharedAPIInfra */ = {
			isa = PBXGroup;
			children = (
				6FA7ED0924E742AA00CD5637 /* URLSessionHTTPClient.swift */,
			);
			path = SharedAPIInfra;
			sourceTree = "<group>";
		};
		AE3A91A227A1E26E0004C825 /* SharedAPI */ = {
			isa = PBXGroup;
			children = (
				AE3A91A327A1E2760004C825 /* Helpers */,
				AE3A91A827A1F1470004C825 /* RemoteLoaderTests.swift */,
			);
			path = SharedAPI;
			sourceTree = "<group>";
		};
		AE3A91A327A1E2760004C825 /* Helpers */ = {
			isa = PBXGroup;
			children = (
				6F9CCDB52554742100B6231E /* HTTPClientSpy.swift */,
			);
			path = Helpers;
			sourceTree = "<group>";
		};
		AE3A91A427A1E2830004C825 /* SharedAPIInfra */ = {
			isa = PBXGroup;
			children = (
				6F9CCDB4255473FC00B6231E /* Helpers */,
				6FB0240924E476BD0093DAC8 /* URLSessionHTTPClientTests.swift */,
			);
			path = SharedAPIInfra;
			sourceTree = "<group>";
		};
		AE3A91A527A1E30E0004C825 /* ImageCommentsAPI */ = {
			isa = PBXGroup;
			children = (
				AE3A919927A1BEBD0004C825 /* ImageCommentsMapper.swift */,
				AE3A919527A1BCE90004C825 /* ImageCommentsLoader.swift */,
			);
			path = ImageCommentsAPI;
			sourceTree = "<group>";
		};
		AE3A91A727A1E3350004C825 /* ImageCommentsAPI */ = {
			isa = PBXGroup;
			children = (
				AE3A919727A1BD470004C825 /* LoadRemoteImageCommentsUseCaseTests.swift */,
			);
			path = ImageCommentsAPI;
			sourceTree = "<group>";
		};
/* End PBXGroup section */

/* Begin PBXHeadersBuildPhase section */
		6F4FFCA2252E170A00EECC45 /* Headers */ = {
			isa = PBXHeadersBuildPhase;
			buildActionMask = 2147483647;
			files = (
			);
			runOnlyForDeploymentPostprocessing = 0;
		};
		6F89881524DD595D00880E24 /* Headers */ = {
			isa = PBXHeadersBuildPhase;
			buildActionMask = 2147483647;
			files = (
			);
			runOnlyForDeploymentPostprocessing = 0;
		};
/* End PBXHeadersBuildPhase section */

/* Begin PBXNativeTarget section */
		6F4FFCA6252E170A00EECC45 /* EssentialFeediOS */ = {
			isa = PBXNativeTarget;
			buildConfigurationList = 6F4FFCBC252E170A00EECC45 /* Build configuration list for PBXNativeTarget "EssentialFeediOS" */;
			buildPhases = (
				6F4FFCA2252E170A00EECC45 /* Headers */,
				6F4FFCA3252E170A00EECC45 /* Sources */,
				6F4FFCA4252E170A00EECC45 /* Frameworks */,
				6F4FFCA5252E170A00EECC45 /* Resources */,
				6FB52724252F375A00682588 /* Embed Frameworks */,
			);
			buildRules = (
			);
			dependencies = (
				6FB52723252F375900682588 /* PBXTargetDependency */,
			);
			name = EssentialFeediOS;
			productName = EssentialFeediOS;
			productReference = 6F4FFCA7252E170A00EECC45 /* EssentialFeediOS.framework */;
			productType = "com.apple.product-type.framework";
		};
		6F4FFCAE252E170A00EECC45 /* EssentialFeediOSTests */ = {
			isa = PBXNativeTarget;
			buildConfigurationList = 6F4FFCBD252E170A00EECC45 /* Build configuration list for PBXNativeTarget "EssentialFeediOSTests" */;
			buildPhases = (
				6F4FFCAB252E170A00EECC45 /* Sources */,
				6F4FFCAC252E170A00EECC45 /* Frameworks */,
				6F4FFCAD252E170A00EECC45 /* Resources */,
			);
			buildRules = (
			);
			dependencies = (
				6F4FFCB2252E170A00EECC45 /* PBXTargetDependency */,
			);
			name = EssentialFeediOSTests;
			productName = EssentialFeediOSTests;
			productReference = 6F4FFCAF252E170A00EECC45 /* EssentialFeediOSTests.xctest */;
			productType = "com.apple.product-type.bundle.unit-test";
		};
		6F89881924DD595D00880E24 /* EssentialFeed */ = {
			isa = PBXNativeTarget;
			buildConfigurationList = 6F89882E24DD595E00880E24 /* Build configuration list for PBXNativeTarget "EssentialFeed" */;
			buildPhases = (
				6F89881524DD595D00880E24 /* Headers */,
				6F89881624DD595D00880E24 /* Sources */,
				6F89881724DD595D00880E24 /* Frameworks */,
				6F89881824DD595D00880E24 /* Resources */,
			);
			buildRules = (
			);
			dependencies = (
			);
			name = EssentialFeed;
			productName = EssentialFeed;
			productReference = 6F89881A24DD595D00880E24 /* EssentialFeed.framework */;
			productType = "com.apple.product-type.framework";
		};
		6F89882224DD595D00880E24 /* EssentialFeedTests */ = {
			isa = PBXNativeTarget;
			buildConfigurationList = 6F89883124DD595E00880E24 /* Build configuration list for PBXNativeTarget "EssentialFeedTests" */;
			buildPhases = (
				6F89881F24DD595D00880E24 /* Sources */,
				6F89882024DD595D00880E24 /* Frameworks */,
				6F89882124DD595D00880E24 /* Resources */,
			);
			buildRules = (
			);
			dependencies = (
				6F89882624DD595D00880E24 /* PBXTargetDependency */,
			);
			name = EssentialFeedTests;
			productName = EssentialFeedTests;
			productReference = 6F89882324DD595D00880E24 /* EssentialFeedTests.xctest */;
			productType = "com.apple.product-type.bundle.unit-test";
		};
		6FA7ED0E24E943EE00CD5637 /* EssentialFeedAPIEndToEndTests */ = {
			isa = PBXNativeTarget;
			buildConfigurationList = 6FA7ED1924E943EE00CD5637 /* Build configuration list for PBXNativeTarget "EssentialFeedAPIEndToEndTests" */;
			buildPhases = (
				6FA7ED0B24E943EE00CD5637 /* Sources */,
				6FA7ED0C24E943EE00CD5637 /* Frameworks */,
				6FA7ED0D24E943EE00CD5637 /* Resources */,
			);
			buildRules = (
			);
			dependencies = (
				6FA7ED1624E943EE00CD5637 /* PBXTargetDependency */,
			);
			name = EssentialFeedAPIEndToEndTests;
			productName = EssentialFeedAPIEndToEndTests;
			productReference = 6FA7ED0F24E943EE00CD5637 /* EssentialFeedAPIEndToEndTests.xctest */;
			productType = "com.apple.product-type.bundle.unit-test";
		};
		6FE5F21C25267967000C35A3 /* EssentialFeedCacheIntegrationTests */ = {
			isa = PBXNativeTarget;
			buildConfigurationList = 6FE5F22725267967000C35A3 /* Build configuration list for PBXNativeTarget "EssentialFeedCacheIntegrationTests" */;
			buildPhases = (
				6FE5F21925267967000C35A3 /* Sources */,
				6FE5F21A25267967000C35A3 /* Frameworks */,
				6FE5F21B25267967000C35A3 /* Resources */,
			);
			buildRules = (
			);
			dependencies = (
				6FE5F22425267967000C35A3 /* PBXTargetDependency */,
			);
			name = EssentialFeedCacheIntegrationTests;
			productName = EssentialFeedCacheIntegrationTests;
			productReference = 6FE5F21D25267967000C35A3 /* EssentialFeedCacheIntegrationTests.xctest */;
			productType = "com.apple.product-type.bundle.unit-test";
		};
/* End PBXNativeTarget section */

/* Begin PBXProject section */
		6F89881124DD595D00880E24 /* Project object */ = {
			isa = PBXProject;
			attributes = {
				LastSwiftUpdateCheck = 1200;
				LastUpgradeCheck = 1200;
				ORGANIZATIONNAME = "Yannic Borgfeld";
				TargetAttributes = {
					6F4FFCA6252E170A00EECC45 = {
						CreatedOnToolsVersion = 12.0.1;
						LastSwiftMigration = 1200;
					};
					6F4FFCAE252E170A00EECC45 = {
						CreatedOnToolsVersion = 12.0.1;
						LastSwiftMigration = 1200;
					};
					6F89881924DD595D00880E24 = {
						CreatedOnToolsVersion = 11.6;
						LastSwiftMigration = 1160;
					};
					6F89882224DD595D00880E24 = {
						CreatedOnToolsVersion = 11.6;
						LastSwiftMigration = 1160;
					};
					6FA7ED0E24E943EE00CD5637 = {
						CreatedOnToolsVersion = 11.6;
					};
					6FE5F21C25267967000C35A3 = {
						CreatedOnToolsVersion = 12.0.1;
					};
				};
			};
			buildConfigurationList = 6F89881424DD595D00880E24 /* Build configuration list for PBXProject "EssentialFeed" */;
			compatibilityVersion = "Xcode 9.3";
			developmentRegion = en;
			hasScannedForEncodings = 0;
			knownRegions = (
				en,
				Base,
				de,
				"pt-BR",
				el,
			);
			mainGroup = 6F89881024DD595D00880E24;
			productRefGroup = 6F89881B24DD595D00880E24 /* Products */;
			projectDirPath = "";
			projectRoot = "";
			targets = (
				6F89881924DD595D00880E24 /* EssentialFeed */,
				6F89882224DD595D00880E24 /* EssentialFeedTests */,
				6FA7ED0E24E943EE00CD5637 /* EssentialFeedAPIEndToEndTests */,
				6FE5F21C25267967000C35A3 /* EssentialFeedCacheIntegrationTests */,
				6F4FFCA6252E170A00EECC45 /* EssentialFeediOS */,
				6F4FFCAE252E170A00EECC45 /* EssentialFeediOSTests */,
			);
		};
/* End PBXProject section */

/* Begin PBXResourcesBuildPhase section */
		6F4FFCA5252E170A00EECC45 /* Resources */ = {
			isa = PBXResourcesBuildPhase;
			buildActionMask = 2147483647;
			files = (
				6F0D4AC6253DEBC6005951E9 /* Feed.storyboard in Resources */,
				6F0D4ACD253DEC53005951E9 /* Feed.xcassets in Resources */,
			);
			runOnlyForDeploymentPostprocessing = 0;
		};
		6F4FFCAD252E170A00EECC45 /* Resources */ = {
			isa = PBXResourcesBuildPhase;
			buildActionMask = 2147483647;
			files = (
			);
			runOnlyForDeploymentPostprocessing = 0;
		};
		6F89881824DD595D00880E24 /* Resources */ = {
			isa = PBXResourcesBuildPhase;
			buildActionMask = 2147483647;
			files = (
				6F63A6C3254DCBE600785B21 /* Feed.strings in Resources */,
			);
			runOnlyForDeploymentPostprocessing = 0;
		};
		6F89882124DD595D00880E24 /* Resources */ = {
			isa = PBXResourcesBuildPhase;
			buildActionMask = 2147483647;
			files = (
			);
			runOnlyForDeploymentPostprocessing = 0;
		};
		6FA7ED0D24E943EE00CD5637 /* Resources */ = {
			isa = PBXResourcesBuildPhase;
			buildActionMask = 2147483647;
			files = (
			);
			runOnlyForDeploymentPostprocessing = 0;
		};
		6FE5F21B25267967000C35A3 /* Resources */ = {
			isa = PBXResourcesBuildPhase;
			buildActionMask = 2147483647;
			files = (
			);
			runOnlyForDeploymentPostprocessing = 0;
		};
/* End PBXResourcesBuildPhase section */

/* Begin PBXSourcesBuildPhase section */
		6F4FFCA3252E170A00EECC45 /* Sources */ = {
			isa = PBXSourcesBuildPhase;
			buildActionMask = 2147483647;
			files = (
				6F530AEF2574060700A51425 /* UITableView+HeaderSizing.swift in Sources */,
				6F421C73254D886000DA786E /* ErrorView.swift in Sources */,
				6F421C87254D8FB200DA786E /* UIRefreshControl+Helpers.swift in Sources */,
				6F7F274B25409DD200D384ED /* UITableView+Dequeueing.swift in Sources */,
				6F73D4BE25322120004E214E /* UIView+Shimmering.swift in Sources */,
				6F7F275225409F0300D384ED /* UIImageView+Animations.swift in Sources */,
				6FB52741252F615E00682588 /* FeedViewController.swift in Sources */,
				6F93A1682532045F00E392C7 /* FeedImageCell.swift in Sources */,
				6F0D4A5B2534B528005951E9 /* FeedImageCellController.swift in Sources */,
			);
			runOnlyForDeploymentPostprocessing = 0;
		};
		6F4FFCAB252E170A00EECC45 /* Sources */ = {
			isa = PBXSourcesBuildPhase;
			buildActionMask = 2147483647;
			files = (
				6FB5273A252F3A5D00682588 /* XCTTestCase+MemoryLeakTracking.swift in Sources */,
				6F530ADB2573FE9D00A51425 /* FeedSnapshotTests.swift in Sources */,
				6F530AE3257403A300A51425 /* UIImage+TestHelpers.swift in Sources */,
			);
			runOnlyForDeploymentPostprocessing = 0;
		};
		6F89881624DD595D00880E24 /* Sources */ = {
			isa = PBXSourcesBuildPhase;
			buildActionMask = 2147483647;
			files = (
				AE3A919627A1BCE90004C825 /* ImageCommentsLoader.swift in Sources */,
				6F63A6CA254DCC2000785B21 /* FeedViewModel.swift in Sources */,
				AE3A919A27A1BEBD0004C825 /* ImageCommentsMapper.swift in Sources */,
				6FB0240724E118730093DAC8 /* FeedItemsMapper.swift in Sources */,
				AE3A91AB27A1F27D0004C825 /* RemoteLoader.swift in Sources */,
				6F89883724DD5A6700880E24 /* FeedLoader.swift in Sources */,
				6F63A6D8254DCC9900785B21 /* FeedErrorViewModel.swift in Sources */,
				6F777DE82526759F0018ADCF /* CoreDataFeedStore.swift in Sources */,
				6F777DE32526759F0018ADCF /* FeedCache.xcdatamodeld in Sources */,
				AE3A919E27A1C52F0004C825 /* RemoteImageCommentItem.swift in Sources */,
				6FE6A2332561CB0100161571 /* FeedCache.swift in Sources */,
				6F63A70F254DDB1300785B21 /* FeedImagePresenter.swift in Sources */,
				6F63A6AE254DCB3000785B21 /* FeedPresenter.swift in Sources */,
				6F777DE72526759F0018ADCF /* ManagedFeedImage.swift in Sources */,
				6F63A6D1254DCC4900785B21 /* FeedLoadingViewModel.swift in Sources */,
				6F050B6924FBB8A80027E003 /* RemoteFeedItem.swift in Sources */,
				6F777DE52526759F0018ADCF /* ManagedCache.swift in Sources */,
				6F9CCD4625530F9C00B6231E /* FeedImageDataLoader.swift in Sources */,
				6F929AA325127B990086452E /* FeedCachePolicy.swift in Sources */,
				AE3A919C27A1C0AB0004C825 /* ImageComment.swift in Sources */,
				6FE39CEC255837E0002CE2B0 /* CoreDataFeedStore+FeedStore.swift in Sources */,
				6F3A56B024DEA27600F984EC /* RemoteFeedLoader.swift in Sources */,
				6F050B6B24FBB9040027E003 /* LocalFeedImage.swift in Sources */,
				6FE39CB32555EF72002CE2B0 /* FeedImageDataStore.swift in Sources */,
				6F9CCDCA25547C4E00B6231E /* HTTPURLResponse+StatusCode.swift in Sources */,
				6FE39CE525582F93002CE2B0 /* CoreDataFeedStore+FeedImageDataLoader.swift in Sources */,
				6F050B6724FAAED80027E003 /* FeedStore.swift in Sources */,
				6FAD06972562EF1300C56F9E /* FeedImageDataCache.swift in Sources */,
				6F050B6524FAADB40027E003 /* LocalFeedLoader.swift in Sources */,
				6FB0240524E117B80093DAC8 /* HTTPClient.swift in Sources */,
				6F63A716254DDB8700785B21 /* FeedImageViewModel.swift in Sources */,
				6F9CCDC22554749E00B6231E /* RemoteFeedImageDataLoader.swift in Sources */,
				6FE39CBA2555EFA8002CE2B0 /* LocalFeedImageDataLoader.swift in Sources */,
				6F89883524DD598300880E24 /* FeedImage.swift in Sources */,
				6FA7ED0A24E742AA00CD5637 /* URLSessionHTTPClient.swift in Sources */,
			);
			runOnlyForDeploymentPostprocessing = 0;
		};
		6F89881F24DD595D00880E24 /* Sources */ = {
			isa = PBXSourcesBuildPhase;
			buildActionMask = 2147483647;
			files = (
				6FE39CCD25570FBA002CE2B0 /* CacheFeedImageDataUseCaseTests.swift in Sources */,
				6F604A1E2502AE8800A682A0 /* FeedCacheTestHelpers.swift in Sources */,
				AE3A919827A1BD470004C825 /* LoadRemoteImageCommentsUseCaseTests.swift in Sources */,
				6F9CCDD125547D2F00B6231E /* URLProtocolStub.swift in Sources */,
				6F8637E82500117500CEA079 /* ValidateFeedCacheUseCaseTests.swift in Sources */,
				6F421C94254D929100DA786E /* FeedPresenterTests.swift in Sources */,
				6F9CCD4D2553108E00B6231E /* LoadFeedImageFromRemoteUseCaseTests.swift in Sources */,
				6F3A56AD24DD6A4500F984EC /* LoadRemoteFeedImagesUseCaseTests.swift in Sources */,
				6F63A708254DCFF000785B21 /* FeedImagePresenterTests.swift in Sources */,
				6F1D121E2517DA8D00979155 /* XCTestCase+FailableInsertFeedStoreSpecs.swift in Sources */,
				6F63A6FC254DCF2D00785B21 /* FeedLocalizationTests.swift in Sources */,
				6FB0240A24E476BD0093DAC8 /* URLSessionHTTPClientTests.swift in Sources */,
				6FE39CAC2555C0B8002CE2B0 /* LoadFeedImageDataFromCacheUseCaseTests.swift in Sources */,
				6F9CCDB62554742100B6231E /* HTTPClientSpy.swift in Sources */,
				6FDE3F2F24FD6505000E28E6 /* FeedStoreSpy.swift in Sources */,
				6F604A202502AF4F00A682A0 /* SharedTestHelpers.swift in Sources */,
				6F56E78F24F7DB9700A14861 /* CacheFeedUseCase.swift in Sources */,
				6FE39CC125570D62002CE2B0 /* FeedImageDataStoreSpy.swift in Sources */,
				6FE39CD9255818AA002CE2B0 /* CoreDataFeedImageDataStoreTests.swift in Sources */,
				6F777DED252675DC0018ADCF /* CoreDataFeedStoreTests.swift in Sources */,
				6F1D12202517DB2700979155 /* XCTestCase+FailableDeleteFeedStoreSpecs.swift in Sources */,
				6F1D121C2517D99B00979155 /* XCTestCase+FailableRetrieveFeedStoreSpecs.swift in Sources */,
				AE3A91A927A1F1470004C825 /* RemoteLoaderTests.swift in Sources */,
				6FA7ED0824E733B100CD5637 /* XCTTestCase+MemoryLeakTracking.swift in Sources */,
				6F1D12182517CD8800979155 /* FeedStoreSpecs.swift in Sources */,
				6FDE3F2C24FD629F000E28E6 /* LoadFeedFromCacheUseCase.swift in Sources */,
				6F1D121A2517CE3E00979155 /* XCTestCase+FeedStoreSpecs.swift in Sources */,
			);
			runOnlyForDeploymentPostprocessing = 0;
		};
		6FA7ED0B24E943EE00CD5637 /* Sources */ = {
			isa = PBXSourcesBuildPhase;
			buildActionMask = 2147483647;
			files = (
				6FA7ED1A24E9498400CD5637 /* XCTTestCase+MemoryLeakTracking.swift in Sources */,
				6FA7ED1224E943EE00CD5637 /* EssentialFeedAPIEndToEndTests.swift in Sources */,
			);
			runOnlyForDeploymentPostprocessing = 0;
		};
		6FE5F21925267967000C35A3 /* Sources */ = {
			isa = PBXSourcesBuildPhase;
			buildActionMask = 2147483647;
			files = (
				6FE5F23625267F73000C35A3 /* SharedTestHelpers.swift in Sources */,
				6FE5F22C25267B9C000C35A3 /* XCTTestCase+MemoryLeakTracking.swift in Sources */,
				6FE5F23125267F5E000C35A3 /* FeedCacheTestHelpers.swift in Sources */,
				6FE5F22025267967000C35A3 /* EssentialFeedCacheIntegrationTests.swift in Sources */,
			);
			runOnlyForDeploymentPostprocessing = 0;
		};
/* End PBXSourcesBuildPhase section */

/* Begin PBXTargetDependency section */
		6F4FFCB2252E170A00EECC45 /* PBXTargetDependency */ = {
			isa = PBXTargetDependency;
			target = 6F4FFCA6252E170A00EECC45 /* EssentialFeediOS */;
			targetProxy = 6F4FFCB1252E170A00EECC45 /* PBXContainerItemProxy */;
		};
		6F89882624DD595D00880E24 /* PBXTargetDependency */ = {
			isa = PBXTargetDependency;
			target = 6F89881924DD595D00880E24 /* EssentialFeed */;
			targetProxy = 6F89882524DD595D00880E24 /* PBXContainerItemProxy */;
		};
		6FA7ED1624E943EE00CD5637 /* PBXTargetDependency */ = {
			isa = PBXTargetDependency;
			target = 6F89881924DD595D00880E24 /* EssentialFeed */;
			targetProxy = 6FA7ED1524E943EE00CD5637 /* PBXContainerItemProxy */;
		};
		6FB52723252F375900682588 /* PBXTargetDependency */ = {
			isa = PBXTargetDependency;
			platformFilter = ios;
			target = 6F89881924DD595D00880E24 /* EssentialFeed */;
			targetProxy = 6FB52722252F375900682588 /* PBXContainerItemProxy */;
		};
		6FE5F22425267967000C35A3 /* PBXTargetDependency */ = {
			isa = PBXTargetDependency;
			target = 6F89881924DD595D00880E24 /* EssentialFeed */;
			targetProxy = 6FE5F22325267967000C35A3 /* PBXContainerItemProxy */;
		};
/* End PBXTargetDependency section */

/* Begin PBXVariantGroup section */
		6F63A69E254DC80D00785B21 /* Feed.strings */ = {
			isa = PBXVariantGroup;
			children = (
				6F63A69D254DC80D00785B21 /* en */,
				6F63A6A4254DC80F00785B21 /* de */,
				6F63A6A5254DC80F00785B21 /* el */,
				6F63A6A6254DC81000785B21 /* pt-BR */,
			);
			name = Feed.strings;
			sourceTree = "<group>";
		};
/* End PBXVariantGroup section */

/* Begin XCBuildConfiguration section */
		6F4FFCB8252E170A00EECC45 /* Debug */ = {
			isa = XCBuildConfiguration;
			buildSettings = {
				CLANG_ENABLE_MODULES = YES;
				CODE_SIGN_STYLE = Automatic;
				DEFINES_MODULE = YES;
				DEVELOPMENT_TEAM = L3YMK7ENYC;
				DYLIB_COMPATIBILITY_VERSION = 1;
				DYLIB_CURRENT_VERSION = 1;
				DYLIB_INSTALL_NAME_BASE = "@rpath";
				INFOPLIST_FILE = EssentialFeediOS/Info.plist;
				INSTALL_PATH = "$(LOCAL_LIBRARY_DIR)/Frameworks";
				IPHONEOS_DEPLOYMENT_TARGET = 14.0;
				LD_RUNPATH_SEARCH_PATHS = (
					"$(inherited)",
					"@executable_path/Frameworks",
					"@loader_path/Frameworks",
				);
				PRODUCT_BUNDLE_IDENTIFIER = "de.yannic-borgfeld.EssentialFeediOS";
				PRODUCT_NAME = "$(TARGET_NAME:c99extidentifier)";
				SDKROOT = iphoneos;
				SKIP_INSTALL = YES;
				SWIFT_OPTIMIZATION_LEVEL = "-Onone";
				SWIFT_VERSION = 5.0;
				TARGETED_DEVICE_FAMILY = "1,2";
			};
			name = Debug;
		};
		6F4FFCB9252E170A00EECC45 /* Release */ = {
			isa = XCBuildConfiguration;
			buildSettings = {
				CLANG_ENABLE_MODULES = YES;
				CODE_SIGN_STYLE = Automatic;
				DEFINES_MODULE = YES;
				DEVELOPMENT_TEAM = L3YMK7ENYC;
				DYLIB_COMPATIBILITY_VERSION = 1;
				DYLIB_CURRENT_VERSION = 1;
				DYLIB_INSTALL_NAME_BASE = "@rpath";
				INFOPLIST_FILE = EssentialFeediOS/Info.plist;
				INSTALL_PATH = "$(LOCAL_LIBRARY_DIR)/Frameworks";
				IPHONEOS_DEPLOYMENT_TARGET = 14.0;
				LD_RUNPATH_SEARCH_PATHS = (
					"$(inherited)",
					"@executable_path/Frameworks",
					"@loader_path/Frameworks",
				);
				PRODUCT_BUNDLE_IDENTIFIER = "de.yannic-borgfeld.EssentialFeediOS";
				PRODUCT_NAME = "$(TARGET_NAME:c99extidentifier)";
				SDKROOT = iphoneos;
				SKIP_INSTALL = YES;
				SWIFT_VERSION = 5.0;
				TARGETED_DEVICE_FAMILY = "1,2";
				VALIDATE_PRODUCT = YES;
			};
			name = Release;
		};
		6F4FFCBA252E170A00EECC45 /* Debug */ = {
			isa = XCBuildConfiguration;
			buildSettings = {
				ALWAYS_EMBED_SWIFT_STANDARD_LIBRARIES = YES;
				CLANG_ENABLE_MODULES = YES;
				CODE_SIGN_STYLE = Automatic;
				DEVELOPMENT_TEAM = L3YMK7ENYC;
				INFOPLIST_FILE = EssentialFeediOSTests/Info.plist;
				IPHONEOS_DEPLOYMENT_TARGET = 14.0;
				LD_RUNPATH_SEARCH_PATHS = (
					"$(inherited)",
					"@executable_path/Frameworks",
					"@loader_path/Frameworks",
				);
				PRODUCT_BUNDLE_IDENTIFIER = "de.yannic-borgfeld.EssentialFeediOSTests";
				PRODUCT_NAME = "$(TARGET_NAME)";
				SDKROOT = iphoneos;
				SWIFT_OPTIMIZATION_LEVEL = "-Onone";
				SWIFT_VERSION = 5.0;
				TARGETED_DEVICE_FAMILY = "1,2";
			};
			name = Debug;
		};
		6F4FFCBB252E170A00EECC45 /* Release */ = {
			isa = XCBuildConfiguration;
			buildSettings = {
				ALWAYS_EMBED_SWIFT_STANDARD_LIBRARIES = YES;
				CLANG_ENABLE_MODULES = YES;
				CODE_SIGN_STYLE = Automatic;
				DEVELOPMENT_TEAM = L3YMK7ENYC;
				INFOPLIST_FILE = EssentialFeediOSTests/Info.plist;
				IPHONEOS_DEPLOYMENT_TARGET = 14.0;
				LD_RUNPATH_SEARCH_PATHS = (
					"$(inherited)",
					"@executable_path/Frameworks",
					"@loader_path/Frameworks",
				);
				PRODUCT_BUNDLE_IDENTIFIER = "de.yannic-borgfeld.EssentialFeediOSTests";
				PRODUCT_NAME = "$(TARGET_NAME)";
				SDKROOT = iphoneos;
				SWIFT_VERSION = 5.0;
				TARGETED_DEVICE_FAMILY = "1,2";
				VALIDATE_PRODUCT = YES;
			};
			name = Release;
		};
		6F89882C24DD595D00880E24 /* Debug */ = {
			isa = XCBuildConfiguration;
			buildSettings = {
				ALWAYS_SEARCH_USER_PATHS = NO;
				CLANG_ANALYZER_LOCALIZABILITY_NONLOCALIZED = YES;
				CLANG_ANALYZER_NONNULL = YES;
				CLANG_ANALYZER_NUMBER_OBJECT_CONVERSION = YES_AGGRESSIVE;
				CLANG_CXX_LANGUAGE_STANDARD = "gnu++14";
				CLANG_CXX_LIBRARY = "libc++";
				CLANG_ENABLE_MODULES = YES;
				CLANG_ENABLE_OBJC_ARC = YES;
				CLANG_ENABLE_OBJC_WEAK = YES;
				CLANG_WARN_BLOCK_CAPTURE_AUTORELEASING = YES;
				CLANG_WARN_BOOL_CONVERSION = YES;
				CLANG_WARN_COMMA = YES;
				CLANG_WARN_CONSTANT_CONVERSION = YES;
				CLANG_WARN_DEPRECATED_OBJC_IMPLEMENTATIONS = YES;
				CLANG_WARN_DIRECT_OBJC_ISA_USAGE = YES_ERROR;
				CLANG_WARN_DOCUMENTATION_COMMENTS = YES;
				CLANG_WARN_EMPTY_BODY = YES;
				CLANG_WARN_ENUM_CONVERSION = YES;
				CLANG_WARN_INFINITE_RECURSION = YES;
				CLANG_WARN_INT_CONVERSION = YES;
				CLANG_WARN_NON_LITERAL_NULL_CONVERSION = YES;
				CLANG_WARN_OBJC_IMPLICIT_RETAIN_SELF = YES;
				CLANG_WARN_OBJC_LITERAL_CONVERSION = YES;
				CLANG_WARN_OBJC_ROOT_CLASS = YES_ERROR;
				CLANG_WARN_QUOTED_INCLUDE_IN_FRAMEWORK_HEADER = YES;
				CLANG_WARN_RANGE_LOOP_ANALYSIS = YES;
				CLANG_WARN_STRICT_PROTOTYPES = YES;
				CLANG_WARN_SUSPICIOUS_MOVE = YES;
				CLANG_WARN_UNGUARDED_AVAILABILITY = YES_AGGRESSIVE;
				CLANG_WARN_UNREACHABLE_CODE = YES;
				CLANG_WARN__DUPLICATE_METHOD_MATCH = YES;
				COPY_PHASE_STRIP = NO;
				CURRENT_PROJECT_VERSION = 1;
				DEBUG_INFORMATION_FORMAT = dwarf;
				ENABLE_STRICT_OBJC_MSGSEND = YES;
				ENABLE_TESTABILITY = YES;
				GCC_C_LANGUAGE_STANDARD = gnu11;
				GCC_DYNAMIC_NO_PIC = NO;
				GCC_NO_COMMON_BLOCKS = YES;
				GCC_OPTIMIZATION_LEVEL = 0;
				GCC_PREPROCESSOR_DEFINITIONS = (
					"DEBUG=1",
					"$(inherited)",
				);
				GCC_WARN_64_TO_32_BIT_CONVERSION = YES;
				GCC_WARN_ABOUT_RETURN_TYPE = YES_ERROR;
				GCC_WARN_UNDECLARED_SELECTOR = YES;
				GCC_WARN_UNINITIALIZED_AUTOS = YES_AGGRESSIVE;
				GCC_WARN_UNUSED_FUNCTION = YES;
				GCC_WARN_UNUSED_VARIABLE = YES;
				IPHONEOS_DEPLOYMENT_TARGET = 14.1;
				MACOSX_DEPLOYMENT_TARGET = 10.15;
				MTL_ENABLE_DEBUG_INFO = INCLUDE_SOURCE;
				MTL_FAST_MATH = YES;
				ONLY_ACTIVE_ARCH = YES;
				SDKROOT = macosx;
				SWIFT_ACTIVE_COMPILATION_CONDITIONS = DEBUG;
				SWIFT_OPTIMIZATION_LEVEL = "-Onone";
				VERSIONING_SYSTEM = "apple-generic";
				VERSION_INFO_PREFIX = "";
			};
			name = Debug;
		};
		6F89882D24DD595D00880E24 /* Release */ = {
			isa = XCBuildConfiguration;
			buildSettings = {
				ALWAYS_SEARCH_USER_PATHS = NO;
				CLANG_ANALYZER_LOCALIZABILITY_NONLOCALIZED = YES;
				CLANG_ANALYZER_NONNULL = YES;
				CLANG_ANALYZER_NUMBER_OBJECT_CONVERSION = YES_AGGRESSIVE;
				CLANG_CXX_LANGUAGE_STANDARD = "gnu++14";
				CLANG_CXX_LIBRARY = "libc++";
				CLANG_ENABLE_MODULES = YES;
				CLANG_ENABLE_OBJC_ARC = YES;
				CLANG_ENABLE_OBJC_WEAK = YES;
				CLANG_WARN_BLOCK_CAPTURE_AUTORELEASING = YES;
				CLANG_WARN_BOOL_CONVERSION = YES;
				CLANG_WARN_COMMA = YES;
				CLANG_WARN_CONSTANT_CONVERSION = YES;
				CLANG_WARN_DEPRECATED_OBJC_IMPLEMENTATIONS = YES;
				CLANG_WARN_DIRECT_OBJC_ISA_USAGE = YES_ERROR;
				CLANG_WARN_DOCUMENTATION_COMMENTS = YES;
				CLANG_WARN_EMPTY_BODY = YES;
				CLANG_WARN_ENUM_CONVERSION = YES;
				CLANG_WARN_INFINITE_RECURSION = YES;
				CLANG_WARN_INT_CONVERSION = YES;
				CLANG_WARN_NON_LITERAL_NULL_CONVERSION = YES;
				CLANG_WARN_OBJC_IMPLICIT_RETAIN_SELF = YES;
				CLANG_WARN_OBJC_LITERAL_CONVERSION = YES;
				CLANG_WARN_OBJC_ROOT_CLASS = YES_ERROR;
				CLANG_WARN_QUOTED_INCLUDE_IN_FRAMEWORK_HEADER = YES;
				CLANG_WARN_RANGE_LOOP_ANALYSIS = YES;
				CLANG_WARN_STRICT_PROTOTYPES = YES;
				CLANG_WARN_SUSPICIOUS_MOVE = YES;
				CLANG_WARN_UNGUARDED_AVAILABILITY = YES_AGGRESSIVE;
				CLANG_WARN_UNREACHABLE_CODE = YES;
				CLANG_WARN__DUPLICATE_METHOD_MATCH = YES;
				COPY_PHASE_STRIP = NO;
				CURRENT_PROJECT_VERSION = 1;
				DEBUG_INFORMATION_FORMAT = "dwarf-with-dsym";
				ENABLE_NS_ASSERTIONS = NO;
				ENABLE_STRICT_OBJC_MSGSEND = YES;
				GCC_C_LANGUAGE_STANDARD = gnu11;
				GCC_NO_COMMON_BLOCKS = YES;
				GCC_WARN_64_TO_32_BIT_CONVERSION = YES;
				GCC_WARN_ABOUT_RETURN_TYPE = YES_ERROR;
				GCC_WARN_UNDECLARED_SELECTOR = YES;
				GCC_WARN_UNINITIALIZED_AUTOS = YES_AGGRESSIVE;
				GCC_WARN_UNUSED_FUNCTION = YES;
				GCC_WARN_UNUSED_VARIABLE = YES;
				IPHONEOS_DEPLOYMENT_TARGET = 14.1;
				MACOSX_DEPLOYMENT_TARGET = 10.15;
				MTL_ENABLE_DEBUG_INFO = NO;
				MTL_FAST_MATH = YES;
				SDKROOT = macosx;
				SWIFT_COMPILATION_MODE = wholemodule;
				SWIFT_OPTIMIZATION_LEVEL = "-O";
				VERSIONING_SYSTEM = "apple-generic";
				VERSION_INFO_PREFIX = "";
			};
			name = Release;
		};
		6F89882F24DD595E00880E24 /* Debug */ = {
			isa = XCBuildConfiguration;
			buildSettings = {
				CLANG_ENABLE_MODULES = YES;
				CODE_SIGN_STYLE = Automatic;
				COMBINE_HIDPI_IMAGES = YES;
				DEFINES_MODULE = YES;
				DEVELOPMENT_TEAM = L3YMK7ENYC;
				DYLIB_COMPATIBILITY_VERSION = 1;
				DYLIB_CURRENT_VERSION = 1;
				DYLIB_INSTALL_NAME_BASE = "@rpath";
				INFOPLIST_FILE = EssentialFeed/Info.plist;
				INSTALL_PATH = "$(LOCAL_LIBRARY_DIR)/Frameworks";
				IPHONEOS_DEPLOYMENT_TARGET = 14.0;
				LD_RUNPATH_SEARCH_PATHS = (
					"$(inherited)",
					"@executable_path/../Frameworks",
					"@loader_path/Frameworks",
				);
				PRODUCT_BUNDLE_IDENTIFIER = "de.yannic-borgfeld.EssentialFeed";
				PRODUCT_NAME = "$(TARGET_NAME:c99extidentifier)";
				SKIP_INSTALL = YES;
				SUPPORTED_PLATFORMS = "macosx iphonesimulator iphoneos";
				SWIFT_OPTIMIZATION_LEVEL = "-Onone";
				SWIFT_VERSION = 5.0;
			};
			name = Debug;
		};
		6F89883024DD595E00880E24 /* Release */ = {
			isa = XCBuildConfiguration;
			buildSettings = {
				CLANG_ENABLE_MODULES = YES;
				CODE_SIGN_STYLE = Automatic;
				COMBINE_HIDPI_IMAGES = YES;
				DEFINES_MODULE = YES;
				DEVELOPMENT_TEAM = L3YMK7ENYC;
				DYLIB_COMPATIBILITY_VERSION = 1;
				DYLIB_CURRENT_VERSION = 1;
				DYLIB_INSTALL_NAME_BASE = "@rpath";
				INFOPLIST_FILE = EssentialFeed/Info.plist;
				INSTALL_PATH = "$(LOCAL_LIBRARY_DIR)/Frameworks";
				IPHONEOS_DEPLOYMENT_TARGET = 14.0;
				LD_RUNPATH_SEARCH_PATHS = (
					"$(inherited)",
					"@executable_path/../Frameworks",
					"@loader_path/Frameworks",
				);
				PRODUCT_BUNDLE_IDENTIFIER = "de.yannic-borgfeld.EssentialFeed";
				PRODUCT_NAME = "$(TARGET_NAME:c99extidentifier)";
				SKIP_INSTALL = YES;
				SUPPORTED_PLATFORMS = "macosx iphonesimulator iphoneos";
				SWIFT_VERSION = 5.0;
			};
			name = Release;
		};
		6F89883224DD595E00880E24 /* Debug */ = {
			isa = XCBuildConfiguration;
			buildSettings = {
				ALWAYS_EMBED_SWIFT_STANDARD_LIBRARIES = YES;
				CLANG_ENABLE_MODULES = YES;
				CODE_SIGN_STYLE = Automatic;
				COMBINE_HIDPI_IMAGES = YES;
				DEVELOPMENT_TEAM = L3YMK7ENYC;
				INFOPLIST_FILE = EssentialFeedTests/Info.plist;
				LD_RUNPATH_SEARCH_PATHS = (
					"$(inherited)",
					"@executable_path/../Frameworks",
					"@loader_path/../Frameworks",
				);
				PRODUCT_BUNDLE_IDENTIFIER = "de.yannic-borgfeld.EssentialFeedTests";
				PRODUCT_NAME = "$(TARGET_NAME)";
				SUPPORTED_PLATFORMS = "macosx iphonesimulator iphoneos";
				SWIFT_OBJC_BRIDGING_HEADER = "";
				SWIFT_OPTIMIZATION_LEVEL = "-Onone";
				SWIFT_PRECOMPILE_BRIDGING_HEADER = NO;
				SWIFT_VERSION = 5.0;
			};
			name = Debug;
		};
		6F89883324DD595E00880E24 /* Release */ = {
			isa = XCBuildConfiguration;
			buildSettings = {
				ALWAYS_EMBED_SWIFT_STANDARD_LIBRARIES = YES;
				CLANG_ENABLE_MODULES = YES;
				CODE_SIGN_STYLE = Automatic;
				COMBINE_HIDPI_IMAGES = YES;
				DEVELOPMENT_TEAM = L3YMK7ENYC;
				INFOPLIST_FILE = EssentialFeedTests/Info.plist;
				LD_RUNPATH_SEARCH_PATHS = (
					"$(inherited)",
					"@executable_path/../Frameworks",
					"@loader_path/../Frameworks",
				);
				PRODUCT_BUNDLE_IDENTIFIER = "de.yannic-borgfeld.EssentialFeedTests";
				PRODUCT_NAME = "$(TARGET_NAME)";
				SUPPORTED_PLATFORMS = "macosx iphonesimulator iphoneos";
				SWIFT_OBJC_BRIDGING_HEADER = "";
				SWIFT_PRECOMPILE_BRIDGING_HEADER = NO;
				SWIFT_VERSION = 5.0;
			};
			name = Release;
		};
		6FA7ED1724E943EE00CD5637 /* Debug */ = {
			isa = XCBuildConfiguration;
			buildSettings = {
				CODE_SIGN_STYLE = Automatic;
				COMBINE_HIDPI_IMAGES = YES;
				DEVELOPMENT_TEAM = L3YMK7ENYC;
				INFOPLIST_FILE = EssentialFeedAPIEndToEndTests/Info.plist;
				LD_RUNPATH_SEARCH_PATHS = (
					"$(inherited)",
					"@executable_path/../Frameworks",
					"@loader_path/../Frameworks",
				);
				PRODUCT_BUNDLE_IDENTIFIER = "de.yannic-borgfeld.EssentialFeedAPIEndToEndTests";
				PRODUCT_NAME = "$(TARGET_NAME)";
				SUPPORTED_PLATFORMS = "macosx iphonesimulator iphoneos";
				SWIFT_VERSION = 5.0;
			};
			name = Debug;
		};
		6FA7ED1824E943EE00CD5637 /* Release */ = {
			isa = XCBuildConfiguration;
			buildSettings = {
				CODE_SIGN_STYLE = Automatic;
				COMBINE_HIDPI_IMAGES = YES;
				DEVELOPMENT_TEAM = L3YMK7ENYC;
				INFOPLIST_FILE = EssentialFeedAPIEndToEndTests/Info.plist;
				LD_RUNPATH_SEARCH_PATHS = (
					"$(inherited)",
					"@executable_path/../Frameworks",
					"@loader_path/../Frameworks",
				);
				PRODUCT_BUNDLE_IDENTIFIER = "de.yannic-borgfeld.EssentialFeedAPIEndToEndTests";
				PRODUCT_NAME = "$(TARGET_NAME)";
				SUPPORTED_PLATFORMS = "macosx iphonesimulator iphoneos";
				SWIFT_VERSION = 5.0;
			};
			name = Release;
		};
		6FE5F22525267967000C35A3 /* Debug */ = {
			isa = XCBuildConfiguration;
			buildSettings = {
				CLANG_WARN_QUOTED_INCLUDE_IN_FRAMEWORK_HEADER = YES;
				CODE_SIGN_STYLE = Automatic;
				COMBINE_HIDPI_IMAGES = YES;
				DEVELOPMENT_TEAM = L3YMK7ENYC;
				INFOPLIST_FILE = EssentialFeedCacheIntegrationTests/Info.plist;
				LD_RUNPATH_SEARCH_PATHS = (
					"$(inherited)",
					"@executable_path/../Frameworks",
					"@loader_path/../Frameworks",
				);
				PRODUCT_BUNDLE_IDENTIFIER = "de.yannic-borgfeld.EssentialFeedCacheIntegrationTests";
				PRODUCT_NAME = "$(TARGET_NAME)";
				SUPPORTED_PLATFORMS = "macosx iphonesimulator iphoneos";
				SWIFT_VERSION = 5.0;
			};
			name = Debug;
		};
		6FE5F22625267967000C35A3 /* Release */ = {
			isa = XCBuildConfiguration;
			buildSettings = {
				CLANG_WARN_QUOTED_INCLUDE_IN_FRAMEWORK_HEADER = YES;
				CODE_SIGN_STYLE = Automatic;
				COMBINE_HIDPI_IMAGES = YES;
				DEVELOPMENT_TEAM = L3YMK7ENYC;
				INFOPLIST_FILE = EssentialFeedCacheIntegrationTests/Info.plist;
				LD_RUNPATH_SEARCH_PATHS = (
					"$(inherited)",
					"@executable_path/../Frameworks",
					"@loader_path/../Frameworks",
				);
				PRODUCT_BUNDLE_IDENTIFIER = "de.yannic-borgfeld.EssentialFeedCacheIntegrationTests";
				PRODUCT_NAME = "$(TARGET_NAME)";
				SUPPORTED_PLATFORMS = "macosx iphonesimulator iphoneos";
				SWIFT_VERSION = 5.0;
			};
			name = Release;
		};
/* End XCBuildConfiguration section */

/* Begin XCConfigurationList section */
		6F4FFCBC252E170A00EECC45 /* Build configuration list for PBXNativeTarget "EssentialFeediOS" */ = {
			isa = XCConfigurationList;
			buildConfigurations = (
				6F4FFCB8252E170A00EECC45 /* Debug */,
				6F4FFCB9252E170A00EECC45 /* Release */,
			);
			defaultConfigurationIsVisible = 0;
			defaultConfigurationName = Release;
		};
		6F4FFCBD252E170A00EECC45 /* Build configuration list for PBXNativeTarget "EssentialFeediOSTests" */ = {
			isa = XCConfigurationList;
			buildConfigurations = (
				6F4FFCBA252E170A00EECC45 /* Debug */,
				6F4FFCBB252E170A00EECC45 /* Release */,
			);
			defaultConfigurationIsVisible = 0;
			defaultConfigurationName = Release;
		};
		6F89881424DD595D00880E24 /* Build configuration list for PBXProject "EssentialFeed" */ = {
			isa = XCConfigurationList;
			buildConfigurations = (
				6F89882C24DD595D00880E24 /* Debug */,
				6F89882D24DD595D00880E24 /* Release */,
			);
			defaultConfigurationIsVisible = 0;
			defaultConfigurationName = Release;
		};
		6F89882E24DD595E00880E24 /* Build configuration list for PBXNativeTarget "EssentialFeed" */ = {
			isa = XCConfigurationList;
			buildConfigurations = (
				6F89882F24DD595E00880E24 /* Debug */,
				6F89883024DD595E00880E24 /* Release */,
			);
			defaultConfigurationIsVisible = 0;
			defaultConfigurationName = Release;
		};
		6F89883124DD595E00880E24 /* Build configuration list for PBXNativeTarget "EssentialFeedTests" */ = {
			isa = XCConfigurationList;
			buildConfigurations = (
				6F89883224DD595E00880E24 /* Debug */,
				6F89883324DD595E00880E24 /* Release */,
			);
			defaultConfigurationIsVisible = 0;
			defaultConfigurationName = Release;
		};
		6FA7ED1924E943EE00CD5637 /* Build configuration list for PBXNativeTarget "EssentialFeedAPIEndToEndTests" */ = {
			isa = XCConfigurationList;
			buildConfigurations = (
				6FA7ED1724E943EE00CD5637 /* Debug */,
				6FA7ED1824E943EE00CD5637 /* Release */,
			);
			defaultConfigurationIsVisible = 0;
			defaultConfigurationName = Release;
		};
		6FE5F22725267967000C35A3 /* Build configuration list for PBXNativeTarget "EssentialFeedCacheIntegrationTests" */ = {
			isa = XCConfigurationList;
			buildConfigurations = (
				6FE5F22525267967000C35A3 /* Debug */,
				6FE5F22625267967000C35A3 /* Release */,
			);
			defaultConfigurationIsVisible = 0;
			defaultConfigurationName = Release;
		};
/* End XCConfigurationList section */

/* Begin XCVersionGroup section */
		6F777DDC2526759F0018ADCF /* FeedCache.xcdatamodeld */ = {
			isa = XCVersionGroup;
			children = (
				6F777DDD2526759F0018ADCF /* FeedCache.xcdatamodel */,
			);
			currentVersion = 6F777DDD2526759F0018ADCF /* FeedCache.xcdatamodel */;
			path = FeedCache.xcdatamodeld;
			sourceTree = "<group>";
			versionGroupType = wrapper.xcdatamodel;
		};
/* End XCVersionGroup section */
	};
	rootObject = 6F89881124DD595D00880E24 /* Project object */;
}
